{
  "pins" : [
    {
      "identity" : "cwlcatchexception",
      "kind" : "remoteSourceControl",
      "location" : "https://github.com/mattgallagher/CwlCatchException.git",
      "state" : {
        "revision" : "07b2ba21d361c223e25e3c1e924288742923f08c",
        "version" : "2.2.1"
      }
    },
    {
      "identity" : "cwlpreconditiontesting",
      "kind" : "remoteSourceControl",
      "location" : "https://github.com/mattgallagher/CwlPreconditionTesting.git",
      "state" : {
        "revision" : "0139c665ebb45e6a9fbdb68aabfd7c39f3fe0071",
        "version" : "2.2.2"
      }
    },
    {
      "identity" : "ios-sdkutils",
      "kind" : "remoteSourceControl",
      "location" : "https://github.com/rakutentech/ios-sdkutils.git",
      "state" : {
        "branch" : "master",
        "revision" : "2852a674f0c4b8ebe1cbdf3283de6170b55e1fff"
      }
    },
    {
      "identity" : "nimble",
      "kind" : "remoteSourceControl",
      "location" : "https://github.com/Quick/Nimble.git",
      "state" : {
        "revision" : "831000dd1939bc2096df572c5fd156f41d858bfa",
        "version" : "12.1.0"
      }
    }
  ],
  "version" : 2
}
