PODS:
  - Nimble (8.0.7)
  - Quick (2.2.0)
  - RInAppMessaging (0.1.0)
  - SwiftLint (0.39.2)

DEPENDENCIES:
  - Nimble
  - Quick
  - RInAppMessaging (from `.`)
  - SwiftLint (~> 0.39.0)

SPEC REPOS:
  trunk:
    - Nimble
    - Quick
    - SwiftLint

EXTERNAL SOURCES:
  RInAppMessaging:
    :path: "."

SPEC CHECKSUMS:
  Nimble: a73af6ecd4c9106f434f3d55fc54570be3739e0b
  Quick: 7fb19e13be07b5dfb3b90d4f9824c855a11af40e
  RInAppMessaging: 5d863f294d222c1f3234270572a548691fd6c602
  SwiftLint: 22ccbbe3b8008684be5955693bab135e0ed6a447

PODFILE CHECKSUM: 020d6f19b0862ed6bbc9ea78744ff94638236a6f

COCOAPODS: 1.9.1
