PODS:
  - Nimble (9.2.1)
  - Quick (4.0.0)
  - RInAppMessaging (7.1.0-snapshot):
    - RSDKUtils (~> 3.0.0)
  - RSDKUtils (3.0.0):
    - RSDKUtils/Main (= 3.0.0)
  - RSDKUtils/Main (3.0.0):
    - RSDKUtils/RLogger
  - RSDKUtils/Nimble (3.0.0):
    - Nimble
    - RSDKUtils/Main
  - RSDKUtils/RLogger (3.0.0)
  - RSDKUtils/TestHelpers (3.0.0):
    - RSDKUtils/Main
  - SwiftLint (0.47.0)

DEPENDENCIES:
  - Nimble
  - Quick
  - RInAppMessaging (from `.`)
  - RSDKUtils (~> 3.0.0)
  - RSDKUtils/Nimble (~> 3.0.0)
  - RSDKUtils/TestHelpers (~> 3.0.0)
  - SwiftLint (~> 0.42)

SPEC REPOS:
  trunk:
    - Nimble
    - Quick
    - RSDKUtils
    - SwiftLint

EXTERNAL SOURCES:
  RInAppMessaging:
    :path: "."

SPEC CHECKSUMS:
  Nimble: e7e615c0335ee4bf5b0d786685451e62746117d5
  Quick: 6473349e43b9271a8d43839d9ba1c442ed1b7ac4
  RInAppMessaging: 626a2ce356830003bbb09ba78fac65cb880d16fa
  RSDKUtils: 36d97c9a41b5663ba56e73c626d27034a6c317e5
  SwiftLint: d41cc46a2ae58ac6d9f26954bc89f1d72e71fdef

PODFILE CHECKSUM: 32b2168d7cb57212e5716089bf756b66b9ac2e75

COCOAPODS: 1.11.3
