PODS:
  - Nimble (9.0.0)
  - Quick (3.0.0)
  - RInAppMessaging (3.0.0)
  - SwiftLint (0.42.0)

DEPENDENCIES:
  - Nimble
  - Quick
  - RInAppMessaging (from `.`)
  - SwiftLint (~> 0.42)

SPEC REPOS:
  trunk:
    - Nimble
    - Quick
    - SwiftLint

EXTERNAL SOURCES:
  RInAppMessaging:
    :path: "."

SPEC CHECKSUMS:
  Nimble: 3b4ec3fd40f1dc178058e0981107721c615643d8
  Quick: 6d9559f40647bc4d510103842ef2fdd882d753e2
  RInAppMessaging: c71ee2432ac1e0031e575dd56909e972626f79a4
  SwiftLint: 4fa9579c63416865179bc416f0a92d55f009600d

PODFILE CHECKSUM: 16bc5c166162d97d8cbb769a79595dc56529493a

COCOAPODS: 1.10.1
