// !$*UTF8*$!
{
	archiveVersion = 1;
	classes = {
	};
	objectVersion = 52;
	objects = {

/* Begin PBXBuildFile section */
		45357AE52457EBBC007D8FDC /* config_success.json in Resources */ = {isa = PBXBuildFile; fileRef = 45357AE42457EBBC007D8FDC /* config_success.json */; };
		45357AE72458361F007D8FDC /* config_success_optional.json in Resources */ = {isa = PBXBuildFile; fileRef = 45357AE62458361F007D8FDC /* config_success_optional.json */; };
		45357AEB245A69FD007D8FDC /* config_fail_enabled.json in Resources */ = {isa = PBXBuildFile; fileRef = 45357AE9245A69FD007D8FDC /* config_fail_enabled.json */; };
		45357AED245A8C57007D8FDC /* ping_success.json in Resources */ = {isa = PBXBuildFile; fileRef = 45357AEC245A8C57007D8FDC /* ping_success.json */; };
		45357AF0245A8CAA007D8FDC /* ping_success_empty.json in Resources */ = {isa = PBXBuildFile; fileRef = 45357AEE245A8CAA007D8FDC /* ping_success_empty.json */; };
		45357AF1245A8CAA007D8FDC /* ping_invalid.json in Resources */ = {isa = PBXBuildFile; fileRef = 45357AEF245A8CAA007D8FDC /* ping_invalid.json */; };
		45357AF4245AC836007D8FDC /* displayPermission_invalid.json in Resources */ = {isa = PBXBuildFile; fileRef = 45357AF2245AC836007D8FDC /* displayPermission_invalid.json */; };
		45357AF5245AC836007D8FDC /* displayPermission_success.json in Resources */ = {isa = PBXBuildFile; fileRef = 45357AF3245AC836007D8FDC /* displayPermission_success.json */; };
		453D242926A0DE5100FB9E6A /* ModalViewSpec.swift in Sources */ = {isa = PBXBuildFile; fileRef = 453D242826A0DE5100FB9E6A /* ModalViewSpec.swift */; };
		453D243226A172F600FB9E6A /* modal-text-only.json in Resources */ = {isa = PBXBuildFile; fileRef = 453D243126A172F600FB9E6A /* modal-text-only.json */; };
		453D243726A4ABD000FB9E6A /* modal-text-image.json in Resources */ = {isa = PBXBuildFile; fileRef = 453D243426A4ABD000FB9E6A /* modal-text-image.json */; };
		453D243926A4ABD000FB9E6A /* modal-image-only.json in Resources */ = {isa = PBXBuildFile; fileRef = 453D243526A4ABD000FB9E6A /* modal-image-only.json */; };
		453D243C26A4B83E00FB9E6A /* modal-controls.json in Resources */ = {isa = PBXBuildFile; fileRef = 453D243A26A4B83E00FB9E6A /* modal-controls.json */; };
		453D244026A4DB4900FB9E6A /* FullScreenViewSpec.swift in Sources */ = {isa = PBXBuildFile; fileRef = 453D243E26A4DB4900FB9E6A /* FullScreenViewSpec.swift */; };
		453D244126A4DB4900FB9E6A /* SlideUpViewSpec.swift in Sources */ = {isa = PBXBuildFile; fileRef = 453D243F26A4DB4900FB9E6A /* SlideUpViewSpec.swift */; };
		453D244726A4DBDC00FB9E6A /* full-controls.json in Resources */ = {isa = PBXBuildFile; fileRef = 453D244226A4DBDC00FB9E6A /* full-controls.json */; };
		453D244926A4DBDC00FB9E6A /* full-image-only.json in Resources */ = {isa = PBXBuildFile; fileRef = 453D244326A4DBDC00FB9E6A /* full-image-only.json */; };
		453D244B26A4DBDC00FB9E6A /* full-text-only.json in Resources */ = {isa = PBXBuildFile; fileRef = 453D244426A4DBDC00FB9E6A /* full-text-only.json */; };
		453D244D26A4DBDC00FB9E6A /* full-text-image.json in Resources */ = {isa = PBXBuildFile; fileRef = 453D244526A4DBDC00FB9E6A /* full-text-image.json */; };
		453D245026A4DCD800FB9E6A /* slide-up-trigger.json in Resources */ = {isa = PBXBuildFile; fileRef = 453D244E26A4DCD800FB9E6A /* slide-up-trigger.json */; };
		453D245326A4DF1D00FB9E6A /* slide-up-close.json in Resources */ = {isa = PBXBuildFile; fileRef = 453D245126A4DF1D00FB9E6A /* slide-up-close.json */; };
		4545631B29B955340080782E /* test-image.png in Resources */ = {isa = PBXBuildFile; fileRef = 4545631A29B955340080782E /* test-image.png */; };
		4545631D29B955BE0080782E /* legacy_ping.json in Resources */ = {isa = PBXBuildFile; fileRef = 4545631C29B955BE0080782E /* legacy_ping.json */; };
		4592B4B3270229D1004FF27B /* config.json in Resources */ = {isa = PBXBuildFile; fileRef = 4592B4B2270229D1004FF27B /* config.json */; };
		4592B4B627024925004FF27B /* MockServerHelper.swift in Sources */ = {isa = PBXBuildFile; fileRef = 4592B4B527024925004FF27B /* MockServerHelper.swift */; };
		4592B4BA27024D0C004FF27B /* display-permission.json in Resources */ = {isa = PBXBuildFile; fileRef = 4592B4B927024D0C004FF27B /* display-permission.json */; };
		4592B4CA27026FB7004FF27B /* istockphoto-1047234038.jpg in Resources */ = {isa = PBXBuildFile; fileRef = 4592B4C627026AE8004FF27B /* istockphoto-1047234038.jpg */; };
		45B5723F25ACE90F005A80F7 /* IntegrationTests.swift in Sources */ = {isa = PBXBuildFile; fileRef = 45B5723E25ACE90F005A80F7 /* IntegrationTests.swift */; };
		45BDFD052421EE7B004DEA0C /* SharedMocks.swift in Sources */ = {isa = PBXBuildFile; fileRef = 45BDFD042421EE7B004DEA0C /* SharedMocks.swift */; };
		45ECADE229DD6C91003F75B2 /* slide-up-trigger-without-messageBody.json in Resources */ = {isa = PBXBuildFile; fileRef = 45ECADE129DD6C91003F75B2 /* slide-up-trigger-without-messageBody.json */; };
		45FA8FDE272C26C8005166FD /* RInAppMessaging in Frameworks */ = {isa = PBXBuildFile; productRef = 45FA8FDD272C26C8005166FD /* RInAppMessaging */; };
		45FA8FE0272C2835005166FD /* RInAppMessaging in Frameworks */ = {isa = PBXBuildFile; productRef = 45FA8FDF272C2835005166FD /* RInAppMessaging */; };
		45FA8FE2272C283B005166FD /* RInAppMessaging in Frameworks */ = {isa = PBXBuildFile; productRef = 45FA8FE1272C283B005166FD /* RInAppMessaging */; };
		45FA8FE4272C283F005166FD /* RInAppMessaging in Frameworks */ = {isa = PBXBuildFile; productRef = 45FA8FE3272C283F005166FD /* RInAppMessaging */; };
		45FA8FE7272C2B9A005166FD /* Quick in Frameworks */ = {isa = PBXBuildFile; productRef = 45FA8FE6272C2B9A005166FD /* Quick */; };
		45FA8FEA272C2BA8005166FD /* Nimble in Frameworks */ = {isa = PBXBuildFile; productRef = 45FA8FE9272C2BA8005166FD /* Nimble */; };
		45FA8FEC272C2BC0005166FD /* Quick in Frameworks */ = {isa = PBXBuildFile; productRef = 45FA8FEB272C2BC0005166FD /* Quick */; };
		45FA8FEE272C2BC3005166FD /* Nimble in Frameworks */ = {isa = PBXBuildFile; productRef = 45FA8FED272C2BC3005166FD /* Nimble */; };
		45FA8FF0272C2BC7005166FD /* Quick in Frameworks */ = {isa = PBXBuildFile; productRef = 45FA8FEF272C2BC7005166FD /* Quick */; };
		45FA8FF2272C2BCD005166FD /* Nimble in Frameworks */ = {isa = PBXBuildFile; productRef = 45FA8FF1272C2BCD005166FD /* Nimble */; };
		45FA8FF7272C2C09005166FD /* RSDKUtilsNimble in Frameworks */ = {isa = PBXBuildFile; productRef = 45FA8FF6272C2C09005166FD /* RSDKUtilsNimble */; };
		45FA8FF9272C2C09005166FD /* RSDKUtilsTestHelpers in Frameworks */ = {isa = PBXBuildFile; productRef = 45FA8FF8272C2C09005166FD /* RSDKUtilsTestHelpers */; };
		45FA8FFB272C2C17005166FD /* RSDKUtilsNimble in Frameworks */ = {isa = PBXBuildFile; productRef = 45FA8FFA272C2C17005166FD /* RSDKUtilsNimble */; };
		45FA8FFD272C2C1A005166FD /* RSDKUtilsTestHelpers in Frameworks */ = {isa = PBXBuildFile; productRef = 45FA8FFC272C2C1A005166FD /* RSDKUtilsTestHelpers */; };
		45FA8FFF272C2C1E005166FD /* RSDKUtilsNimble in Frameworks */ = {isa = PBXBuildFile; productRef = 45FA8FFE272C2C1E005166FD /* RSDKUtilsNimble */; };
		45FA9001272C2C21005166FD /* RSDKUtilsTestHelpers in Frameworks */ = {isa = PBXBuildFile; productRef = 45FA9000272C2C21005166FD /* RSDKUtilsTestHelpers */; };
		45FA9004272C2C5C005166FD /* Shock in Frameworks */ = {isa = PBXBuildFile; productRef = 45FA9003272C2C5C005166FD /* Shock */; };
		607FACD61AFB9204008FA782 /* AppDelegate.swift in Sources */ = {isa = PBXBuildFile; fileRef = 607FACD51AFB9204008FA782 /* AppDelegate.swift */; };
		607FACD81AFB9204008FA782 /* ViewController.swift in Sources */ = {isa = PBXBuildFile; fileRef = 607FACD71AFB9204008FA782 /* ViewController.swift */; };
		607FACDB1AFB9204008FA782 /* Main.storyboard in Resources */ = {isa = PBXBuildFile; fileRef = 607FACD91AFB9204008FA782 /* Main.storyboard */; };
		607FACDD1AFB9204008FA782 /* Images.xcassets in Resources */ = {isa = PBXBuildFile; fileRef = 607FACDC1AFB9204008FA782 /* Images.xcassets */; };
		607FACE01AFB9204008FA782 /* LaunchScreen.xib in Resources */ = {isa = PBXBuildFile; fileRef = 607FACDE1AFB9204008FA782 /* LaunchScreen.xib */; };
		D234A718291C62CE0086AC80 /* BundleSpec.swift in Sources */ = {isa = PBXBuildFile; fileRef = D234A6EA291C62C90086AC80 /* BundleSpec.swift */; };
		D234A719291C62CE0086AC80 /* ImpressionServiceSpec.swift in Sources */ = {isa = PBXBuildFile; fileRef = D234A6EB291C62C90086AC80 /* ImpressionServiceSpec.swift */; };
		D234A71A291C62CE0086AC80 /* HttpRequestableSpec.swift in Sources */ = {isa = PBXBuildFile; fileRef = D234A6EC291C62C90086AC80 /* HttpRequestableSpec.swift */; };
		D234A71B291C62CE0086AC80 /* MainContainerSpec.swift in Sources */ = {isa = PBXBuildFile; fileRef = D234A6ED291C62C90086AC80 /* MainContainerSpec.swift */; };
		D234A71C291C62CE0086AC80 /* RouterSpec.swift in Sources */ = {isa = PBXBuildFile; fileRef = D234A6EE291C62C90086AC80 /* RouterSpec.swift */; };
		D234A71D291C62CE0086AC80 /* TooltipManagerSpec.swift in Sources */ = {isa = PBXBuildFile; fileRef = D234A6EF291C62C90086AC80 /* TooltipManagerSpec.swift */; };
		D234A71E291C62CE0086AC80 /* ViewPresenterSpec.swift in Sources */ = {isa = PBXBuildFile; fileRef = D234A6F0291C62C90086AC80 /* ViewPresenterSpec.swift */; };
		D234A71F291C62CE0086AC80 /* HeaderAttributesBuilderSpec.swift in Sources */ = {isa = PBXBuildFile; fileRef = D234A6F1291C62CA0086AC80 /* HeaderAttributesBuilderSpec.swift */; };
		D234A720291C62CE0086AC80 /* CustomEventValidationSpec.swift in Sources */ = {isa = PBXBuildFile; fileRef = D234A6F2291C62CA0086AC80 /* CustomEventValidationSpec.swift */; };
		D234A721291C62CF0086AC80 /* ConfigEndpointResponseSpec.swift in Sources */ = {isa = PBXBuildFile; fileRef = D234A6F3291C62CA0086AC80 /* ConfigEndpointResponseSpec.swift */; };
		D234A722291C62CF0086AC80 /* CustomAttributeSpec.swift in Sources */ = {isa = PBXBuildFile; fileRef = D234A6F4291C62CA0086AC80 /* CustomAttributeSpec.swift */; };
		D234A723291C62CF0086AC80 /* EventMatcherSpec.swift in Sources */ = {isa = PBXBuildFile; fileRef = D234A6F5291C62CA0086AC80 /* EventMatcherSpec.swift */; };
		D234A724291C62CF0086AC80 /* PublicAPISpec.swift in Sources */ = {isa = PBXBuildFile; fileRef = D234A6F6291C62CA0086AC80 /* PublicAPISpec.swift */; };
		D234A725291C62CF0086AC80 /* CampaignRepositorySpec.swift in Sources */ = {isa = PBXBuildFile; fileRef = D234A6F7291C62CA0086AC80 /* CampaignRepositorySpec.swift */; };
		D234A726291C62CF0086AC80 /* UIColorExtensionSpec.swift in Sources */ = {isa = PBXBuildFile; fileRef = D234A6F8291C62CA0086AC80 /* UIColorExtensionSpec.swift */; };
		D234A727291C62CF0086AC80 /* ConfigurationSpec.swift in Sources */ = {isa = PBXBuildFile; fileRef = D234A6F9291C62CA0086AC80 /* ConfigurationSpec.swift */; };
		D234A728291C62CF0086AC80 /* AccountRepositorySpec.swift in Sources */ = {isa = PBXBuildFile; fileRef = D234A6FA291C62CB0086AC80 /* AccountRepositorySpec.swift */; };
		D234A729291C62CF0086AC80 /* ErrorReportableSpec.swift in Sources */ = {isa = PBXBuildFile; fileRef = D234A6FB291C62CB0086AC80 /* ErrorReportableSpec.swift */; };
		D234A72A291C62CF0086AC80 /* TooltipDispatcherSpec.swift in Sources */ = {isa = PBXBuildFile; fileRef = D234A6FC291C62CB0086AC80 /* TooltipDispatcherSpec.swift */; };
		D234A72B291C62CF0086AC80 /* UserInfoProviderSpec.swift in Sources */ = {isa = PBXBuildFile; fileRef = D234A6FD291C62CB0086AC80 /* UserInfoProviderSpec.swift */; };
		D234A72C291C62CF0086AC80 /* ViewSpec.swift in Sources */ = {isa = PBXBuildFile; fileRef = D234A6FE291C62CB0086AC80 /* ViewSpec.swift */; };
		D234A72D291C62CF0086AC80 /* CampaignTriggerAgentSpec.swift in Sources */ = {isa = PBXBuildFile; fileRef = D234A6FF291C62CB0086AC80 /* CampaignTriggerAgentSpec.swift */; };
		D234A72E291C62CF0086AC80 /* BackoffSpec.swift in Sources */ = {isa = PBXBuildFile; fileRef = D234A700291C62CB0086AC80 /* BackoffSpec.swift */; };
		D234A72F291C62CF0086AC80 /* MatchingUtilitySpec.swift in Sources */ = {isa = PBXBuildFile; fileRef = D234A701291C62CB0086AC80 /* MatchingUtilitySpec.swift */; };
		D234A730291C62CF0086AC80 /* KeyHasherSpec.swift in Sources */ = {isa = PBXBuildFile; fileRef = D234A702291C62CC0086AC80 /* KeyHasherSpec.swift */; };
		D234A731291C62CF0086AC80 /* DisplayPermissionServiceSpec.swift in Sources */ = {isa = PBXBuildFile; fileRef = D234A703291C62CC0086AC80 /* DisplayPermissionServiceSpec.swift */; };
		D234A732291C62CF0086AC80 /* MessageMixerServiceSpec.swift in Sources */ = {isa = PBXBuildFile; fileRef = D234A704291C62CC0086AC80 /* MessageMixerServiceSpec.swift */; };
		D234A733291C62CF0086AC80 /* LocaleSpec.swift in Sources */ = {isa = PBXBuildFile; fileRef = D234A705291C62CC0086AC80 /* LocaleSpec.swift */; };
		D234A734291C62CF0086AC80 /* CommonUtilitySpec.swift in Sources */ = {isa = PBXBuildFile; fileRef = D234A706291C62CC0086AC80 /* CommonUtilitySpec.swift */; };
		D234A735291C62CF0086AC80 /* ConfigurationServiceSpec.swift in Sources */ = {isa = PBXBuildFile; fileRef = D234A707291C62CD0086AC80 /* ConfigurationServiceSpec.swift */; };
		D234A736291C62CF0086AC80 /* TooltipViewSpec.swift in Sources */ = {isa = PBXBuildFile; fileRef = D234A708291C62CD0086AC80 /* TooltipViewSpec.swift */; };
		D234A737291C62CF0086AC80 /* UIApplicationExtensionSpec.swift in Sources */ = {isa = PBXBuildFile; fileRef = D234A709291C62CD0086AC80 /* UIApplicationExtensionSpec.swift */; };
		D234A738291C62CF0086AC80 /* UserDataCacheSpec.swift in Sources */ = {isa = PBXBuildFile; fileRef = D234A70A291C62CD0086AC80 /* UserDataCacheSpec.swift */; };
		D234A739291C62CF0086AC80 /* CampaignsListManagerSpec.swift in Sources */ = {isa = PBXBuildFile; fileRef = D234A70B291C62CD0086AC80 /* CampaignsListManagerSpec.swift */; };
		D234A73A291C62CF0086AC80 /* InAppMessagingModuleSpec.swift in Sources */ = {isa = PBXBuildFile; fileRef = D234A70C291C62CD0086AC80 /* InAppMessagingModuleSpec.swift */; };
		D234A73B291C62CF0086AC80 /* OptOutMessageViewSpec.swift in Sources */ = {isa = PBXBuildFile; fileRef = D234A70D291C62CD0086AC80 /* OptOutMessageViewSpec.swift */; };
		D234A73C291C62CF0086AC80 /* ConfigurationManagerSpec.swift in Sources */ = {isa = PBXBuildFile; fileRef = D234A70E291C62CD0086AC80 /* ConfigurationManagerSpec.swift */; };
		D234A73D291C62CF0086AC80 /* ConfigurationRepositorySpec.swift in Sources */ = {isa = PBXBuildFile; fileRef = D234A70F291C62CD0086AC80 /* ConfigurationRepositorySpec.swift */; };
		D234A73E291C62CF0086AC80 /* ReadyCampaignDispatcherSpec.swift in Sources */ = {isa = PBXBuildFile; fileRef = D234A710291C62CE0086AC80 /* ReadyCampaignDispatcherSpec.swift */; };
		D234A73F291C62CF0086AC80 /* TooltipPresenterSpec.swift in Sources */ = {isa = PBXBuildFile; fileRef = D234A711291C62CE0086AC80 /* TooltipPresenterSpec.swift */; };
		D234A740291C62CF0086AC80 /* UIViewExtensionSpec.swift in Sources */ = {isa = PBXBuildFile; fileRef = D234A712291C62CE0086AC80 /* UIViewExtensionSpec.swift */; };
		D234A741291C62CF0086AC80 /* ViewModelSpec.swift in Sources */ = {isa = PBXBuildFile; fileRef = D234A713291C62CE0086AC80 /* ViewModelSpec.swift */; };
		D234A742291C62CF0086AC80 /* CampaignsValidatorSpec.swift in Sources */ = {isa = PBXBuildFile; fileRef = D234A714291C62CE0086AC80 /* CampaignsValidatorSpec.swift */; };
		D234A743291C62CF0086AC80 /* ViewListenerSpec.swift in Sources */ = {isa = PBXBuildFile; fileRef = D234A715291C62CE0086AC80 /* ViewListenerSpec.swift */; };
		D234A744291C62CF0086AC80 /* UIFontExtensionSpec.swift in Sources */ = {isa = PBXBuildFile; fileRef = D234A716291C62CE0086AC80 /* UIFontExtensionSpec.swift */; };
		D234A745291C62CF0086AC80 /* SerializationSpec.swift in Sources */ = {isa = PBXBuildFile; fileRef = D234A717291C62CE0086AC80 /* SerializationSpec.swift */; };
		D234A747291C63000086AC80 /* MockServerHelper.swift in Sources */ = {isa = PBXBuildFile; fileRef = D234A746291C63000086AC80 /* MockServerHelper.swift */; };
		D234A759291C653F0086AC80 /* Shock in Frameworks */ = {isa = PBXBuildFile; productRef = D234A758291C653F0086AC80 /* Shock */; };
		D24CF282294BE427007C6C85 /* UITabBarExtensionSpec.swift in Sources */ = {isa = PBXBuildFile; fileRef = D24CF281294BE427007C6C85 /* UITabBarExtensionSpec.swift */; };
		D24EDF762941506000F9EC5E /* CustomEventViewController.swift in Sources */ = {isa = PBXBuildFile; fileRef = D24EDF752941506000F9EC5E /* CustomEventViewController.swift */; };
		D24EDF792941512D00F9EC5E /* String+Conversion.swift in Sources */ = {isa = PBXBuildFile; fileRef = D24EDF782941512D00F9EC5E /* String+Conversion.swift */; };
		D920D8C92277B80F008FB38D /* SecondPageViewController.xib in Resources */ = {isa = PBXBuildFile; fileRef = D920D8C82277B80F008FB38D /* SecondPageViewController.xib */; };
		D920D8CB2277B965008FB38D /* SecondPageViewController.swift in Sources */ = {isa = PBXBuildFile; fileRef = D920D8CA2277B965008FB38D /* SecondPageViewController.swift */; };
		D924268722D91C15002F50D3 /* Localizable.strings in Resources */ = {isa = PBXBuildFile; fileRef = D924268522D91C15002F50D3 /* Localizable.strings */; };
		D92D1F262224A269008EA748 /* TestHelpers.swift in Sources */ = {isa = PBXBuildFile; fileRef = D92D1F242224A265008EA748 /* TestHelpers.swift */; };
		FC92B45D29DD27670053CF0E /* UILabelExtensionSpec.swift in Sources */ = {isa = PBXBuildFile; fileRef = FC92B45C29DD27670053CF0E /* UILabelExtensionSpec.swift */; };
		FCEB554429E54B1E00E60481 /* AlertPresentableSpec.swift in Sources */ = {isa = PBXBuildFile; fileRef = FCEB554329E54B1D00E60481 /* AlertPresentableSpec.swift */; };
		FCEB554629E54B3A00E60481 /* modal-controls-invalid-url.json in Resources */ = {isa = PBXBuildFile; fileRef = FCEB554529E54B3A00E60481 /* modal-controls-invalid-url.json */; };
		FCF93D8229C30863000DB8CE /* EventTypeSpec.swift in Sources */ = {isa = PBXBuildFile; fileRef = FCF93D8129C30863000DB8CE /* EventTypeSpec.swift */; };
/* End PBXBuildFile section */

/* Begin PBXContainerItemProxy section */
		453D242B26A0DE5100FB9E6A /* PBXContainerItemProxy */ = {
			isa = PBXContainerItemProxy;
			containerPortal = 607FACC81AFB9204008FA782 /* Project object */;
			proxyType = 1;
			remoteGlobalIDString = 607FACCF1AFB9204008FA782;
			remoteInfo = RInAppMessaging_Example;
		};
		45B5724125ACE90F005A80F7 /* PBXContainerItemProxy */ = {
			isa = PBXContainerItemProxy;
			containerPortal = 607FACC81AFB9204008FA782 /* Project object */;
			proxyType = 1;
			remoteGlobalIDString = 607FACCF1AFB9204008FA782;
			remoteInfo = RInAppMessaging_Example;
		};
		607FACE61AFB9204008FA782 /* PBXContainerItemProxy */ = {
			isa = PBXContainerItemProxy;
			containerPortal = 607FACC81AFB9204008FA782 /* Project object */;
			proxyType = 1;
			remoteGlobalIDString = 607FACCF1AFB9204008FA782;
			remoteInfo = InAppMessaging;
		};
/* End PBXContainerItemProxy section */

/* Begin PBXFileReference section */
		4518EEDD270F73BB00E8CBBC /* Foundation.framework */ = {isa = PBXFileReference; lastKnownFileType = wrapper.framework; name = Foundation.framework; path = System/Library/Frameworks/Foundation.framework; sourceTree = SDKROOT; };
		45357AE42457EBBC007D8FDC /* config_success.json */ = {isa = PBXFileReference; lastKnownFileType = text.json; path = config_success.json; sourceTree = "<group>"; };
		45357AE62458361F007D8FDC /* config_success_optional.json */ = {isa = PBXFileReference; fileEncoding = 4; lastKnownFileType = text.json; path = config_success_optional.json; sourceTree = "<group>"; };
		45357AE9245A69FD007D8FDC /* config_fail_enabled.json */ = {isa = PBXFileReference; fileEncoding = 4; lastKnownFileType = text.json; path = config_fail_enabled.json; sourceTree = "<group>"; };
		45357AEC245A8C57007D8FDC /* ping_success.json */ = {isa = PBXFileReference; fileEncoding = 4; lastKnownFileType = text.json; path = ping_success.json; sourceTree = "<group>"; };
		45357AEE245A8CAA007D8FDC /* ping_success_empty.json */ = {isa = PBXFileReference; fileEncoding = 4; lastKnownFileType = text.json; path = ping_success_empty.json; sourceTree = "<group>"; };
		45357AEF245A8CAA007D8FDC /* ping_invalid.json */ = {isa = PBXFileReference; fileEncoding = 4; lastKnownFileType = text.json; path = ping_invalid.json; sourceTree = "<group>"; };
		45357AF2245AC836007D8FDC /* displayPermission_invalid.json */ = {isa = PBXFileReference; fileEncoding = 4; lastKnownFileType = text.json; path = displayPermission_invalid.json; sourceTree = "<group>"; };
		45357AF3245AC836007D8FDC /* displayPermission_success.json */ = {isa = PBXFileReference; fileEncoding = 4; lastKnownFileType = text.json; path = displayPermission_success.json; sourceTree = "<group>"; };
		453D242626A0DE5100FB9E6A /* UITests.xctest */ = {isa = PBXFileReference; explicitFileType = wrapper.cfbundle; includeInIndex = 0; path = UITests.xctest; sourceTree = BUILT_PRODUCTS_DIR; };
		453D242826A0DE5100FB9E6A /* ModalViewSpec.swift */ = {isa = PBXFileReference; lastKnownFileType = sourcecode.swift; path = ModalViewSpec.swift; sourceTree = "<group>"; };
		453D242A26A0DE5100FB9E6A /* Info.plist */ = {isa = PBXFileReference; lastKnownFileType = text.plist.xml; path = Info.plist; sourceTree = "<group>"; };
		453D243126A172F600FB9E6A /* modal-text-only.json */ = {isa = PBXFileReference; lastKnownFileType = text.json; path = "modal-text-only.json"; sourceTree = "<group>"; };
		453D243426A4ABD000FB9E6A /* modal-text-image.json */ = {isa = PBXFileReference; fileEncoding = 4; lastKnownFileType = text.json; path = "modal-text-image.json"; sourceTree = "<group>"; };
		453D243526A4ABD000FB9E6A /* modal-image-only.json */ = {isa = PBXFileReference; fileEncoding = 4; lastKnownFileType = text.json; path = "modal-image-only.json"; sourceTree = "<group>"; };
		453D243A26A4B83E00FB9E6A /* modal-controls.json */ = {isa = PBXFileReference; fileEncoding = 4; lastKnownFileType = text.json; path = "modal-controls.json"; sourceTree = "<group>"; };
		453D243E26A4DB4900FB9E6A /* FullScreenViewSpec.swift */ = {isa = PBXFileReference; fileEncoding = 4; lastKnownFileType = sourcecode.swift; path = FullScreenViewSpec.swift; sourceTree = "<group>"; };
		453D243F26A4DB4900FB9E6A /* SlideUpViewSpec.swift */ = {isa = PBXFileReference; fileEncoding = 4; lastKnownFileType = sourcecode.swift; path = SlideUpViewSpec.swift; sourceTree = "<group>"; };
		453D244226A4DBDC00FB9E6A /* full-controls.json */ = {isa = PBXFileReference; fileEncoding = 4; lastKnownFileType = text.json; path = "full-controls.json"; sourceTree = "<group>"; };
		453D244326A4DBDC00FB9E6A /* full-image-only.json */ = {isa = PBXFileReference; fileEncoding = 4; lastKnownFileType = text.json; path = "full-image-only.json"; sourceTree = "<group>"; };
		453D244426A4DBDC00FB9E6A /* full-text-only.json */ = {isa = PBXFileReference; fileEncoding = 4; lastKnownFileType = text.json; path = "full-text-only.json"; sourceTree = "<group>"; };
		453D244526A4DBDC00FB9E6A /* full-text-image.json */ = {isa = PBXFileReference; fileEncoding = 4; lastKnownFileType = text.json; path = "full-text-image.json"; sourceTree = "<group>"; };
		453D244E26A4DCD800FB9E6A /* slide-up-trigger.json */ = {isa = PBXFileReference; fileEncoding = 4; lastKnownFileType = text.json; path = "slide-up-trigger.json"; sourceTree = "<group>"; };
		453D245126A4DF1D00FB9E6A /* slide-up-close.json */ = {isa = PBXFileReference; fileEncoding = 4; lastKnownFileType = text.json; path = "slide-up-close.json"; sourceTree = "<group>"; };
		4545631A29B955340080782E /* test-image.png */ = {isa = PBXFileReference; lastKnownFileType = image.png; path = "test-image.png"; sourceTree = "<group>"; };
		4545631C29B955BE0080782E /* legacy_ping.json */ = {isa = PBXFileReference; fileEncoding = 4; lastKnownFileType = text.json; path = legacy_ping.json; sourceTree = "<group>"; };
		4592B4B2270229D1004FF27B /* config.json */ = {isa = PBXFileReference; fileEncoding = 4; lastKnownFileType = text.json; path = config.json; sourceTree = "<group>"; };
		4592B4B527024925004FF27B /* MockServerHelper.swift */ = {isa = PBXFileReference; lastKnownFileType = sourcecode.swift; path = MockServerHelper.swift; sourceTree = "<group>"; };
		4592B4B927024D0C004FF27B /* display-permission.json */ = {isa = PBXFileReference; fileEncoding = 4; lastKnownFileType = text.json; path = "display-permission.json"; sourceTree = "<group>"; };
		4592B4C42702642F004FF27B /* Example-UITests.xcconfig */ = {isa = PBXFileReference; fileEncoding = 4; lastKnownFileType = text.xcconfig; name = "Example-UITests.xcconfig"; path = "../SampleSPM/Example-UITests.xcconfig"; sourceTree = "<group>"; };
		4592B4C627026AE8004FF27B /* istockphoto-1047234038.jpg */ = {isa = PBXFileReference; lastKnownFileType = image.jpeg; path = "istockphoto-1047234038.jpg"; sourceTree = "<group>"; };
		45B5723C25ACE90F005A80F7 /* IntegrationTests.xctest */ = {isa = PBXFileReference; explicitFileType = wrapper.cfbundle; includeInIndex = 0; path = IntegrationTests.xctest; sourceTree = BUILT_PRODUCTS_DIR; };
		45B5723E25ACE90F005A80F7 /* IntegrationTests.swift */ = {isa = PBXFileReference; lastKnownFileType = sourcecode.swift; path = IntegrationTests.swift; sourceTree = "<group>"; };
		45B5724025ACE90F005A80F7 /* Info.plist */ = {isa = PBXFileReference; lastKnownFileType = text.plist.xml; path = Info.plist; sourceTree = "<group>"; };
		45BDFD042421EE7B004DEA0C /* SharedMocks.swift */ = {isa = PBXFileReference; lastKnownFileType = sourcecode.swift; path = SharedMocks.swift; sourceTree = "<group>"; };
		45ECADE129DD6C91003F75B2 /* slide-up-trigger-without-messageBody.json */ = {isa = PBXFileReference; fileEncoding = 4; lastKnownFileType = text.json; path = "slide-up-trigger-without-messageBody.json"; sourceTree = "<group>"; };
		45FA8FDA272C2698005166FD /* ios-inappmessaging */ = {isa = PBXFileReference; lastKnownFileType = folder; name = "ios-inappmessaging"; path = ..; sourceTree = "<group>"; };
		607FACD01AFB9204008FA782 /* RInAppMessaging_Example.app */ = {isa = PBXFileReference; explicitFileType = wrapper.application; includeInIndex = 0; path = RInAppMessaging_Example.app; sourceTree = BUILT_PRODUCTS_DIR; };
		607FACD41AFB9204008FA782 /* Info.plist */ = {isa = PBXFileReference; lastKnownFileType = text.plist.xml; name = Info.plist; path = ../SampleSPM/Info.plist; sourceTree = "<group>"; };
		607FACD51AFB9204008FA782 /* AppDelegate.swift */ = {isa = PBXFileReference; lastKnownFileType = sourcecode.swift; path = AppDelegate.swift; sourceTree = "<group>"; };
		607FACD71AFB9204008FA782 /* ViewController.swift */ = {isa = PBXFileReference; lastKnownFileType = sourcecode.swift; path = ViewController.swift; sourceTree = "<group>"; };
		607FACDA1AFB9204008FA782 /* Base */ = {isa = PBXFileReference; lastKnownFileType = file.storyboard; name = Base; path = Base.lproj/Main.storyboard; sourceTree = "<group>"; };
		607FACDC1AFB9204008FA782 /* Images.xcassets */ = {isa = PBXFileReference; lastKnownFileType = folder.assetcatalog; path = Images.xcassets; sourceTree = "<group>"; };
		607FACDF1AFB9204008FA782 /* Base */ = {isa = PBXFileReference; lastKnownFileType = file.xib; name = Base; path = Base.lproj/LaunchScreen.xib; sourceTree = "<group>"; };
		607FACE51AFB9204008FA782 /* Tests.xctest */ = {isa = PBXFileReference; explicitFileType = wrapper.cfbundle; includeInIndex = 0; path = Tests.xctest; sourceTree = BUILT_PRODUCTS_DIR; };
		607FACEA1AFB9204008FA782 /* Info.plist */ = {isa = PBXFileReference; lastKnownFileType = text.plist.xml; path = Info.plist; sourceTree = "<group>"; };
		6DA608F3248603BA00A8260D /* Example-Debug.xcconfig */ = {isa = PBXFileReference; lastKnownFileType = text.xcconfig; name = "Example-Debug.xcconfig"; path = "../SampleSPM/Example-Debug.xcconfig"; sourceTree = "<group>"; };
		6DA608F424860B7F00A8260D /* Example-Release.xcconfig */ = {isa = PBXFileReference; lastKnownFileType = text.xcconfig; name = "Example-Release.xcconfig"; path = "../SampleSPM/Example-Release.xcconfig"; sourceTree = "<group>"; };
		D234A6EA291C62C90086AC80 /* BundleSpec.swift */ = {isa = PBXFileReference; fileEncoding = 4; lastKnownFileType = sourcecode.swift; path = BundleSpec.swift; sourceTree = "<group>"; };
		D234A6EB291C62C90086AC80 /* ImpressionServiceSpec.swift */ = {isa = PBXFileReference; fileEncoding = 4; lastKnownFileType = sourcecode.swift; path = ImpressionServiceSpec.swift; sourceTree = "<group>"; };
		D234A6EC291C62C90086AC80 /* HttpRequestableSpec.swift */ = {isa = PBXFileReference; fileEncoding = 4; lastKnownFileType = sourcecode.swift; path = HttpRequestableSpec.swift; sourceTree = "<group>"; };
		D234A6ED291C62C90086AC80 /* MainContainerSpec.swift */ = {isa = PBXFileReference; fileEncoding = 4; lastKnownFileType = sourcecode.swift; path = MainContainerSpec.swift; sourceTree = "<group>"; };
		D234A6EE291C62C90086AC80 /* RouterSpec.swift */ = {isa = PBXFileReference; fileEncoding = 4; lastKnownFileType = sourcecode.swift; path = RouterSpec.swift; sourceTree = "<group>"; };
		D234A6EF291C62C90086AC80 /* TooltipManagerSpec.swift */ = {isa = PBXFileReference; fileEncoding = 4; lastKnownFileType = sourcecode.swift; path = TooltipManagerSpec.swift; sourceTree = "<group>"; };
		D234A6F0291C62C90086AC80 /* ViewPresenterSpec.swift */ = {isa = PBXFileReference; fileEncoding = 4; lastKnownFileType = sourcecode.swift; path = ViewPresenterSpec.swift; sourceTree = "<group>"; };
		D234A6F1291C62CA0086AC80 /* HeaderAttributesBuilderSpec.swift */ = {isa = PBXFileReference; fileEncoding = 4; lastKnownFileType = sourcecode.swift; path = HeaderAttributesBuilderSpec.swift; sourceTree = "<group>"; };
		D234A6F2291C62CA0086AC80 /* CustomEventValidationSpec.swift */ = {isa = PBXFileReference; fileEncoding = 4; lastKnownFileType = sourcecode.swift; path = CustomEventValidationSpec.swift; sourceTree = "<group>"; };
		D234A6F3291C62CA0086AC80 /* ConfigEndpointResponseSpec.swift */ = {isa = PBXFileReference; fileEncoding = 4; lastKnownFileType = sourcecode.swift; path = ConfigEndpointResponseSpec.swift; sourceTree = "<group>"; };
		D234A6F4291C62CA0086AC80 /* CustomAttributeSpec.swift */ = {isa = PBXFileReference; fileEncoding = 4; lastKnownFileType = sourcecode.swift; path = CustomAttributeSpec.swift; sourceTree = "<group>"; };
		D234A6F5291C62CA0086AC80 /* EventMatcherSpec.swift */ = {isa = PBXFileReference; fileEncoding = 4; lastKnownFileType = sourcecode.swift; path = EventMatcherSpec.swift; sourceTree = "<group>"; };
		D234A6F6291C62CA0086AC80 /* PublicAPISpec.swift */ = {isa = PBXFileReference; fileEncoding = 4; lastKnownFileType = sourcecode.swift; path = PublicAPISpec.swift; sourceTree = "<group>"; };
		D234A6F7291C62CA0086AC80 /* CampaignRepositorySpec.swift */ = {isa = PBXFileReference; fileEncoding = 4; lastKnownFileType = sourcecode.swift; path = CampaignRepositorySpec.swift; sourceTree = "<group>"; };
		D234A6F8291C62CA0086AC80 /* UIColorExtensionSpec.swift */ = {isa = PBXFileReference; fileEncoding = 4; lastKnownFileType = sourcecode.swift; path = UIColorExtensionSpec.swift; sourceTree = "<group>"; };
		D234A6F9291C62CA0086AC80 /* ConfigurationSpec.swift */ = {isa = PBXFileReference; fileEncoding = 4; lastKnownFileType = sourcecode.swift; path = ConfigurationSpec.swift; sourceTree = "<group>"; };
		D234A6FA291C62CB0086AC80 /* AccountRepositorySpec.swift */ = {isa = PBXFileReference; fileEncoding = 4; lastKnownFileType = sourcecode.swift; path = AccountRepositorySpec.swift; sourceTree = "<group>"; };
		D234A6FB291C62CB0086AC80 /* ErrorReportableSpec.swift */ = {isa = PBXFileReference; fileEncoding = 4; lastKnownFileType = sourcecode.swift; path = ErrorReportableSpec.swift; sourceTree = "<group>"; };
		D234A6FC291C62CB0086AC80 /* TooltipDispatcherSpec.swift */ = {isa = PBXFileReference; fileEncoding = 4; lastKnownFileType = sourcecode.swift; path = TooltipDispatcherSpec.swift; sourceTree = "<group>"; };
		D234A6FD291C62CB0086AC80 /* UserInfoProviderSpec.swift */ = {isa = PBXFileReference; fileEncoding = 4; lastKnownFileType = sourcecode.swift; path = UserInfoProviderSpec.swift; sourceTree = "<group>"; };
		D234A6FE291C62CB0086AC80 /* ViewSpec.swift */ = {isa = PBXFileReference; fileEncoding = 4; lastKnownFileType = sourcecode.swift; path = ViewSpec.swift; sourceTree = "<group>"; };
		D234A6FF291C62CB0086AC80 /* CampaignTriggerAgentSpec.swift */ = {isa = PBXFileReference; fileEncoding = 4; lastKnownFileType = sourcecode.swift; path = CampaignTriggerAgentSpec.swift; sourceTree = "<group>"; };
		D234A700291C62CB0086AC80 /* BackoffSpec.swift */ = {isa = PBXFileReference; fileEncoding = 4; lastKnownFileType = sourcecode.swift; path = BackoffSpec.swift; sourceTree = "<group>"; };
		D234A701291C62CB0086AC80 /* MatchingUtilitySpec.swift */ = {isa = PBXFileReference; fileEncoding = 4; lastKnownFileType = sourcecode.swift; path = MatchingUtilitySpec.swift; sourceTree = "<group>"; };
		D234A702291C62CC0086AC80 /* KeyHasherSpec.swift */ = {isa = PBXFileReference; fileEncoding = 4; lastKnownFileType = sourcecode.swift; path = KeyHasherSpec.swift; sourceTree = "<group>"; };
		D234A703291C62CC0086AC80 /* DisplayPermissionServiceSpec.swift */ = {isa = PBXFileReference; fileEncoding = 4; lastKnownFileType = sourcecode.swift; path = DisplayPermissionServiceSpec.swift; sourceTree = "<group>"; };
		D234A704291C62CC0086AC80 /* MessageMixerServiceSpec.swift */ = {isa = PBXFileReference; fileEncoding = 4; lastKnownFileType = sourcecode.swift; path = MessageMixerServiceSpec.swift; sourceTree = "<group>"; };
		D234A705291C62CC0086AC80 /* LocaleSpec.swift */ = {isa = PBXFileReference; fileEncoding = 4; lastKnownFileType = sourcecode.swift; path = LocaleSpec.swift; sourceTree = "<group>"; };
		D234A706291C62CC0086AC80 /* CommonUtilitySpec.swift */ = {isa = PBXFileReference; fileEncoding = 4; lastKnownFileType = sourcecode.swift; path = CommonUtilitySpec.swift; sourceTree = "<group>"; };
		D234A707291C62CD0086AC80 /* ConfigurationServiceSpec.swift */ = {isa = PBXFileReference; fileEncoding = 4; lastKnownFileType = sourcecode.swift; path = ConfigurationServiceSpec.swift; sourceTree = "<group>"; };
		D234A708291C62CD0086AC80 /* TooltipViewSpec.swift */ = {isa = PBXFileReference; fileEncoding = 4; lastKnownFileType = sourcecode.swift; path = TooltipViewSpec.swift; sourceTree = "<group>"; };
		D234A709291C62CD0086AC80 /* UIApplicationExtensionSpec.swift */ = {isa = PBXFileReference; fileEncoding = 4; lastKnownFileType = sourcecode.swift; path = UIApplicationExtensionSpec.swift; sourceTree = "<group>"; };
		D234A70A291C62CD0086AC80 /* UserDataCacheSpec.swift */ = {isa = PBXFileReference; fileEncoding = 4; lastKnownFileType = sourcecode.swift; path = UserDataCacheSpec.swift; sourceTree = "<group>"; };
		D234A70B291C62CD0086AC80 /* CampaignsListManagerSpec.swift */ = {isa = PBXFileReference; fileEncoding = 4; lastKnownFileType = sourcecode.swift; path = CampaignsListManagerSpec.swift; sourceTree = "<group>"; };
		D234A70C291C62CD0086AC80 /* InAppMessagingModuleSpec.swift */ = {isa = PBXFileReference; fileEncoding = 4; lastKnownFileType = sourcecode.swift; path = InAppMessagingModuleSpec.swift; sourceTree = "<group>"; };
		D234A70D291C62CD0086AC80 /* OptOutMessageViewSpec.swift */ = {isa = PBXFileReference; fileEncoding = 4; lastKnownFileType = sourcecode.swift; path = OptOutMessageViewSpec.swift; sourceTree = "<group>"; };
		D234A70E291C62CD0086AC80 /* ConfigurationManagerSpec.swift */ = {isa = PBXFileReference; fileEncoding = 4; lastKnownFileType = sourcecode.swift; path = ConfigurationManagerSpec.swift; sourceTree = "<group>"; };
		D234A70F291C62CD0086AC80 /* ConfigurationRepositorySpec.swift */ = {isa = PBXFileReference; fileEncoding = 4; lastKnownFileType = sourcecode.swift; path = ConfigurationRepositorySpec.swift; sourceTree = "<group>"; };
		D234A710291C62CE0086AC80 /* ReadyCampaignDispatcherSpec.swift */ = {isa = PBXFileReference; fileEncoding = 4; lastKnownFileType = sourcecode.swift; path = ReadyCampaignDispatcherSpec.swift; sourceTree = "<group>"; };
		D234A711291C62CE0086AC80 /* TooltipPresenterSpec.swift */ = {isa = PBXFileReference; fileEncoding = 4; lastKnownFileType = sourcecode.swift; path = TooltipPresenterSpec.swift; sourceTree = "<group>"; };
		D234A712291C62CE0086AC80 /* UIViewExtensionSpec.swift */ = {isa = PBXFileReference; fileEncoding = 4; lastKnownFileType = sourcecode.swift; path = UIViewExtensionSpec.swift; sourceTree = "<group>"; };
		D234A713291C62CE0086AC80 /* ViewModelSpec.swift */ = {isa = PBXFileReference; fileEncoding = 4; lastKnownFileType = sourcecode.swift; path = ViewModelSpec.swift; sourceTree = "<group>"; };
		D234A714291C62CE0086AC80 /* CampaignsValidatorSpec.swift */ = {isa = PBXFileReference; fileEncoding = 4; lastKnownFileType = sourcecode.swift; path = CampaignsValidatorSpec.swift; sourceTree = "<group>"; };
		D234A715291C62CE0086AC80 /* ViewListenerSpec.swift */ = {isa = PBXFileReference; fileEncoding = 4; lastKnownFileType = sourcecode.swift; path = ViewListenerSpec.swift; sourceTree = "<group>"; };
		D234A716291C62CE0086AC80 /* UIFontExtensionSpec.swift */ = {isa = PBXFileReference; fileEncoding = 4; lastKnownFileType = sourcecode.swift; path = UIFontExtensionSpec.swift; sourceTree = "<group>"; };
		D234A717291C62CE0086AC80 /* SerializationSpec.swift */ = {isa = PBXFileReference; fileEncoding = 4; lastKnownFileType = sourcecode.swift; path = SerializationSpec.swift; sourceTree = "<group>"; };
		D234A746291C63000086AC80 /* MockServerHelper.swift */ = {isa = PBXFileReference; fileEncoding = 4; lastKnownFileType = sourcecode.swift; name = MockServerHelper.swift; path = ../Tests/UITests/Helpers/MockServerHelper.swift; sourceTree = "<group>"; };
		D24CF281294BE427007C6C85 /* UITabBarExtensionSpec.swift */ = {isa = PBXFileReference; fileEncoding = 4; lastKnownFileType = sourcecode.swift; path = UITabBarExtensionSpec.swift; sourceTree = "<group>"; };
		D24EDF752941506000F9EC5E /* CustomEventViewController.swift */ = {isa = PBXFileReference; fileEncoding = 4; lastKnownFileType = sourcecode.swift; path = CustomEventViewController.swift; sourceTree = "<group>"; };
		D24EDF782941512D00F9EC5E /* String+Conversion.swift */ = {isa = PBXFileReference; fileEncoding = 4; lastKnownFileType = sourcecode.swift; path = "String+Conversion.swift"; sourceTree = "<group>"; };
		D920D8C82277B80F008FB38D /* SecondPageViewController.xib */ = {isa = PBXFileReference; lastKnownFileType = file.xib; path = SecondPageViewController.xib; sourceTree = "<group>"; };
		D920D8CA2277B965008FB38D /* SecondPageViewController.swift */ = {isa = PBXFileReference; lastKnownFileType = sourcecode.swift; path = SecondPageViewController.swift; sourceTree = "<group>"; };
		D924268022D91046002F50D3 /* ja */ = {isa = PBXFileReference; lastKnownFileType = text.plist.strings; name = ja; path = ja.lproj/Main.strings; sourceTree = "<group>"; };
		D924268122D91046002F50D3 /* ja */ = {isa = PBXFileReference; lastKnownFileType = text.plist.strings; name = ja; path = ja.lproj/LaunchScreen.strings; sourceTree = "<group>"; };
		D924268622D91C15002F50D3 /* Base */ = {isa = PBXFileReference; lastKnownFileType = text.plist.strings; name = Base; path = Base.lproj/Localizable.strings; sourceTree = "<group>"; };
		D924268822D91C19002F50D3 /* ja */ = {isa = PBXFileReference; lastKnownFileType = text.plist.strings; name = ja; path = ja.lproj/Localizable.strings; sourceTree = "<group>"; };
		D92D1F242224A265008EA748 /* TestHelpers.swift */ = {isa = PBXFileReference; lastKnownFileType = sourcecode.swift; path = TestHelpers.swift; sourceTree = "<group>"; };
		FC92B45C29DD27670053CF0E /* UILabelExtensionSpec.swift */ = {isa = PBXFileReference; fileEncoding = 4; lastKnownFileType = sourcecode.swift; path = UILabelExtensionSpec.swift; sourceTree = "<group>"; };
		FCEB554329E54B1D00E60481 /* AlertPresentableSpec.swift */ = {isa = PBXFileReference; fileEncoding = 4; lastKnownFileType = sourcecode.swift; path = AlertPresentableSpec.swift; sourceTree = "<group>"; };
		FCEB554529E54B3A00E60481 /* modal-controls-invalid-url.json */ = {isa = PBXFileReference; fileEncoding = 4; lastKnownFileType = text.json; path = "modal-controls-invalid-url.json"; sourceTree = "<group>"; };
		FCF93D8129C30863000DB8CE /* EventTypeSpec.swift */ = {isa = PBXFileReference; fileEncoding = 4; lastKnownFileType = sourcecode.swift; path = EventTypeSpec.swift; sourceTree = "<group>"; };
/* End PBXFileReference section */

/* Begin PBXFrameworksBuildPhase section */
		453D242326A0DE5100FB9E6A /* Frameworks */ = {
			isa = PBXFrameworksBuildPhase;
			buildActionMask = 2147483647;
			files = (
				45FA8FF2272C2BCD005166FD /* Nimble in Frameworks */,
				45FA8FF0272C2BC7005166FD /* Quick in Frameworks */,
				45FA8FE4272C283F005166FD /* RInAppMessaging in Frameworks */,
				45FA9004272C2C5C005166FD /* Shock in Frameworks */,
				45FA8FFF272C2C1E005166FD /* RSDKUtilsNimble in Frameworks */,
				45FA9001272C2C21005166FD /* RSDKUtilsTestHelpers in Frameworks */,
			);
			runOnlyForDeploymentPostprocessing = 0;
		};
		45B5723925ACE90F005A80F7 /* Frameworks */ = {
			isa = PBXFrameworksBuildPhase;
			buildActionMask = 2147483647;
			files = (
				45FA8FEE272C2BC3005166FD /* Nimble in Frameworks */,
				45FA8FEC272C2BC0005166FD /* Quick in Frameworks */,
				45FA8FE2272C283B005166FD /* RInAppMessaging in Frameworks */,
				45FA8FFB272C2C17005166FD /* RSDKUtilsNimble in Frameworks */,
				45FA8FFD272C2C1A005166FD /* RSDKUtilsTestHelpers in Frameworks */,
			);
			runOnlyForDeploymentPostprocessing = 0;
		};
		607FACCD1AFB9204008FA782 /* Frameworks */ = {
			isa = PBXFrameworksBuildPhase;
			buildActionMask = 2147483647;
			files = (
				D234A759291C653F0086AC80 /* Shock in Frameworks */,
				45FA8FDE272C26C8005166FD /* RInAppMessaging in Frameworks */,
			);
			runOnlyForDeploymentPostprocessing = 0;
		};
		607FACE21AFB9204008FA782 /* Frameworks */ = {
			isa = PBXFrameworksBuildPhase;
			buildActionMask = 2147483647;
			files = (
				45FA8FEA272C2BA8005166FD /* Nimble in Frameworks */,
				45FA8FE7272C2B9A005166FD /* Quick in Frameworks */,
				45FA8FE0272C2835005166FD /* RInAppMessaging in Frameworks */,
				45FA8FF7272C2C09005166FD /* RSDKUtilsNimble in Frameworks */,
				45FA8FF9272C2C09005166FD /* RSDKUtilsTestHelpers in Frameworks */,
			);
			runOnlyForDeploymentPostprocessing = 0;
		};
/* End PBXFrameworksBuildPhase section */

/* Begin PBXGroup section */
		45357AE32457EB49007D8FDC /* Payloads */ = {
			isa = PBXGroup;
			children = (
				45357AE42457EBBC007D8FDC /* config_success.json */,
				45357AE62458361F007D8FDC /* config_success_optional.json */,
				45357AE9245A69FD007D8FDC /* config_fail_enabled.json */,
				45357AEC245A8C57007D8FDC /* ping_success.json */,
				45357AEE245A8CAA007D8FDC /* ping_success_empty.json */,
				45357AEF245A8CAA007D8FDC /* ping_invalid.json */,
				45357AF2245AC836007D8FDC /* displayPermission_invalid.json */,
				45357AF3245AC836007D8FDC /* displayPermission_success.json */,
				4545631C29B955BE0080782E /* legacy_ping.json */,
			);
			path = Payloads;
			sourceTree = "<group>";
		};
		453D242726A0DE5100FB9E6A /* UITests */ = {
			isa = PBXGroup;
			children = (
				453D242826A0DE5100FB9E6A /* ModalViewSpec.swift */,
				FCEB554329E54B1D00E60481 /* AlertPresentableSpec.swift */,
				453D243E26A4DB4900FB9E6A /* FullScreenViewSpec.swift */,
				453D243F26A4DB4900FB9E6A /* SlideUpViewSpec.swift */,
				4592B4C827026AF0004FF27B /* Resources */,
				4592B4B42702490C004FF27B /* Helpers */,
				453D243026A1724700FB9E6A /* ResponseStubs */,
				453D242A26A0DE5100FB9E6A /* Info.plist */,
			);
			name = UITests;
			path = ../Tests/UITests;
			sourceTree = "<group>";
		};
		453D243026A1724700FB9E6A /* ResponseStubs */ = {
			isa = PBXGroup;
			children = (
				453D243126A172F600FB9E6A /* modal-text-only.json */,
				453D243526A4ABD000FB9E6A /* modal-image-only.json */,
				453D243426A4ABD000FB9E6A /* modal-text-image.json */,
				453D243A26A4B83E00FB9E6A /* modal-controls.json */,
				FCEB554529E54B3A00E60481 /* modal-controls-invalid-url.json */,
				453D244226A4DBDC00FB9E6A /* full-controls.json */,
				453D244326A4DBDC00FB9E6A /* full-image-only.json */,
				453D244526A4DBDC00FB9E6A /* full-text-image.json */,
				453D244426A4DBDC00FB9E6A /* full-text-only.json */,
				453D244E26A4DCD800FB9E6A /* slide-up-trigger.json */,
				453D245126A4DF1D00FB9E6A /* slide-up-close.json */,
				45ECADE129DD6C91003F75B2 /* slide-up-trigger-without-messageBody.json */,
				4592B4B2270229D1004FF27B /* config.json */,
				4592B4B927024D0C004FF27B /* display-permission.json */,
			);
			path = ResponseStubs;
			sourceTree = "<group>";
		};
		4592B4B42702490C004FF27B /* Helpers */ = {
			isa = PBXGroup;
			children = (
				4592B4B527024925004FF27B /* MockServerHelper.swift */,
			);
			path = Helpers;
			sourceTree = "<group>";
		};
		4592B4C827026AF0004FF27B /* Resources */ = {
			isa = PBXGroup;
			children = (
				4592B4C627026AE8004FF27B /* istockphoto-1047234038.jpg */,
			);
			path = Resources;
			sourceTree = "<group>";
		};
		45B5723D25ACE90F005A80F7 /* IntegrationTests */ = {
			isa = PBXGroup;
			children = (
				45B5723E25ACE90F005A80F7 /* IntegrationTests.swift */,
				45B5724025ACE90F005A80F7 /* Info.plist */,
			);
			name = IntegrationTests;
			path = ../Tests/IntegrationTests;
			sourceTree = "<group>";
		};
		45B572F625AE2163005A80F7 /* Helpers */ = {
			isa = PBXGroup;
			children = (
				45BDFD042421EE7B004DEA0C /* SharedMocks.swift */,
				D92D1F242224A265008EA748 /* TestHelpers.swift */,
			);
			path = Helpers;
			sourceTree = "<group>";
		};
		45FA8FD9272C2698005166FD /* Packages */ = {
			isa = PBXGroup;
			children = (
				45FA8FDA272C2698005166FD /* ios-inappmessaging */,
			);
			name = Packages;
			sourceTree = "<group>";
		};
		607FACC71AFB9204008FA782 = {
			isa = PBXGroup;
			children = (
				45FA8FD9272C2698005166FD /* Packages */,
				607FACD21AFB9204008FA782 /* Sample */,
				607FACE81AFB9204008FA782 /* Tests */,
				45B5723D25ACE90F005A80F7 /* IntegrationTests */,
				453D242726A0DE5100FB9E6A /* UITests */,
				607FACD11AFB9204008FA782 /* Products */,
				9F2EBD0D1344BB8875C0D465 /* Frameworks */,
			);
			sourceTree = "<group>";
		};
		607FACD11AFB9204008FA782 /* Products */ = {
			isa = PBXGroup;
			children = (
				607FACD01AFB9204008FA782 /* RInAppMessaging_Example.app */,
				607FACE51AFB9204008FA782 /* Tests.xctest */,
				45B5723C25ACE90F005A80F7 /* IntegrationTests.xctest */,
				453D242626A0DE5100FB9E6A /* UITests.xctest */,
			);
			name = Products;
			sourceTree = "<group>";
		};
		607FACD21AFB9204008FA782 /* Sample */ = {
			isa = PBXGroup;
			children = (
				607FACD51AFB9204008FA782 /* AppDelegate.swift */,
				607FACD71AFB9204008FA782 /* ViewController.swift */,
				D24EDF752941506000F9EC5E /* CustomEventViewController.swift */,
				607FACD91AFB9204008FA782 /* Main.storyboard */,
				D920D8CA2277B965008FB38D /* SecondPageViewController.swift */,
				D920D8C82277B80F008FB38D /* SecondPageViewController.xib */,
				D24EDF772941507800F9EC5E /* Helpers */,
				607FACDC1AFB9204008FA782 /* Images.xcassets */,
				607FACDE1AFB9204008FA782 /* LaunchScreen.xib */,
				607FACD31AFB9204008FA782 /* Supporting Files */,
				D924268522D91C15002F50D3 /* Localizable.strings */,
			);
			name = Sample;
			path = ../Sample;
			sourceTree = "<group>";
		};
		607FACD31AFB9204008FA782 /* Supporting Files */ = {
			isa = PBXGroup;
			children = (
				D234A746291C63000086AC80 /* MockServerHelper.swift */,
				6DA608F3248603BA00A8260D /* Example-Debug.xcconfig */,
				6DA608F424860B7F00A8260D /* Example-Release.xcconfig */,
				4592B4C42702642F004FF27B /* Example-UITests.xcconfig */,
				607FACD41AFB9204008FA782 /* Info.plist */,
			);
			name = "Supporting Files";
			sourceTree = "<group>";
		};
		607FACE81AFB9204008FA782 /* Tests */ = {
			isa = PBXGroup;
			children = (
				45B572F625AE2163005A80F7 /* Helpers */,
				45357AE32457EB49007D8FDC /* Payloads */,
				D234A6FA291C62CB0086AC80 /* AccountRepositorySpec.swift */,
				D234A700291C62CB0086AC80 /* BackoffSpec.swift */,
				D234A6EA291C62C90086AC80 /* BundleSpec.swift */,
				D234A6F7291C62CA0086AC80 /* CampaignRepositorySpec.swift */,
				D234A70B291C62CD0086AC80 /* CampaignsListManagerSpec.swift */,
				D234A714291C62CE0086AC80 /* CampaignsValidatorSpec.swift */,
				D234A6FF291C62CB0086AC80 /* CampaignTriggerAgentSpec.swift */,
				D234A706291C62CC0086AC80 /* CommonUtilitySpec.swift */,
				D234A6F3291C62CA0086AC80 /* ConfigEndpointResponseSpec.swift */,
				D234A70E291C62CD0086AC80 /* ConfigurationManagerSpec.swift */,
				D234A70F291C62CD0086AC80 /* ConfigurationRepositorySpec.swift */,
				D234A707291C62CD0086AC80 /* ConfigurationServiceSpec.swift */,
				D234A6F9291C62CA0086AC80 /* ConfigurationSpec.swift */,
				D234A6F4291C62CA0086AC80 /* CustomAttributeSpec.swift */,
				D234A6F2291C62CA0086AC80 /* CustomEventValidationSpec.swift */,
				D234A703291C62CC0086AC80 /* DisplayPermissionServiceSpec.swift */,
				FCF93D8129C30863000DB8CE /* EventTypeSpec.swift */,
				D234A6FB291C62CB0086AC80 /* ErrorReportableSpec.swift */,
				D234A6F5291C62CA0086AC80 /* EventMatcherSpec.swift */,
				D234A6F1291C62CA0086AC80 /* HeaderAttributesBuilderSpec.swift */,
				D234A6EC291C62C90086AC80 /* HttpRequestableSpec.swift */,
				D234A6EB291C62C90086AC80 /* ImpressionServiceSpec.swift */,
				D234A70C291C62CD0086AC80 /* InAppMessagingModuleSpec.swift */,
				D234A702291C62CC0086AC80 /* KeyHasherSpec.swift */,
				D234A705291C62CC0086AC80 /* LocaleSpec.swift */,
				D234A6ED291C62C90086AC80 /* MainContainerSpec.swift */,
				D234A701291C62CB0086AC80 /* MatchingUtilitySpec.swift */,
				D234A704291C62CC0086AC80 /* MessageMixerServiceSpec.swift */,
				D234A70D291C62CD0086AC80 /* OptOutMessageViewSpec.swift */,
				D234A6F6291C62CA0086AC80 /* PublicAPISpec.swift */,
				D234A710291C62CE0086AC80 /* ReadyCampaignDispatcherSpec.swift */,
				D234A6EE291C62C90086AC80 /* RouterSpec.swift */,
				D234A717291C62CE0086AC80 /* SerializationSpec.swift */,
				D234A6FC291C62CB0086AC80 /* TooltipDispatcherSpec.swift */,
				D234A6EF291C62C90086AC80 /* TooltipManagerSpec.swift */,
				D234A711291C62CE0086AC80 /* TooltipPresenterSpec.swift */,
				D234A708291C62CD0086AC80 /* TooltipViewSpec.swift */,
				D234A709291C62CD0086AC80 /* UIApplicationExtensionSpec.swift */,
				D234A6F8291C62CA0086AC80 /* UIColorExtensionSpec.swift */,
				D234A716291C62CE0086AC80 /* UIFontExtensionSpec.swift */,
				FC92B45C29DD27670053CF0E /* UILabelExtensionSpec.swift */,
				D24CF281294BE427007C6C85 /* UITabBarExtensionSpec.swift */,
				D234A712291C62CE0086AC80 /* UIViewExtensionSpec.swift */,
				D234A70A291C62CD0086AC80 /* UserDataCacheSpec.swift */,
				D234A6FD291C62CB0086AC80 /* UserInfoProviderSpec.swift */,
				D234A715291C62CE0086AC80 /* ViewListenerSpec.swift */,
				D234A713291C62CE0086AC80 /* ViewModelSpec.swift */,
				D234A6F0291C62C90086AC80 /* ViewPresenterSpec.swift */,
				D234A6FE291C62CB0086AC80 /* ViewSpec.swift */,
				607FACE91AFB9204008FA782 /* Supporting Files */,
			);
			name = Tests;
			path = ../Tests/Tests;
			sourceTree = "<group>";
		};
		607FACE91AFB9204008FA782 /* Supporting Files */ = {
			isa = PBXGroup;
			children = (
				4545631A29B955340080782E /* test-image.png */,
				607FACEA1AFB9204008FA782 /* Info.plist */,
			);
			name = "Supporting Files";
			sourceTree = "<group>";
		};
		9F2EBD0D1344BB8875C0D465 /* Frameworks */ = {
			isa = PBXGroup;
			children = (
				4518EEDD270F73BB00E8CBBC /* Foundation.framework */,
			);
			name = Frameworks;
			sourceTree = "<group>";
		};
		D24EDF772941507800F9EC5E /* Helpers */ = {
			isa = PBXGroup;
			children = (
				D24EDF782941512D00F9EC5E /* String+Conversion.swift */,
			);
			path = Helpers;
			sourceTree = "<group>";
		};
/* End PBXGroup section */

/* Begin PBXNativeTarget section */
		453D242526A0DE5100FB9E6A /* UITests */ = {
			isa = PBXNativeTarget;
			buildConfigurationList = 453D242F26A0DE5100FB9E6A /* Build configuration list for PBXNativeTarget "UITests" */;
			buildPhases = (
				453D242226A0DE5100FB9E6A /* Sources */,
				453D242326A0DE5100FB9E6A /* Frameworks */,
				453D242426A0DE5100FB9E6A /* Resources */,
			);
			buildRules = (
			);
			dependencies = (
				453D242C26A0DE5100FB9E6A /* PBXTargetDependency */,
			);
			name = UITests;
			packageProductDependencies = (
				45FA8FE3272C283F005166FD /* RInAppMessaging */,
				45FA8FEF272C2BC7005166FD /* Quick */,
				45FA8FF1272C2BCD005166FD /* Nimble */,
				45FA8FFE272C2C1E005166FD /* RSDKUtilsNimble */,
				45FA9000272C2C21005166FD /* RSDKUtilsTestHelpers */,
				45FA9003272C2C5C005166FD /* Shock */,
			);
			productName = UITests;
			productReference = 453D242626A0DE5100FB9E6A /* UITests.xctest */;
			productType = "com.apple.product-type.bundle.ui-testing";
		};
		45B5723B25ACE90F005A80F7 /* IntegrationTests */ = {
			isa = PBXNativeTarget;
			buildConfigurationList = 45B5724325ACE90F005A80F7 /* Build configuration list for PBXNativeTarget "IntegrationTests" */;
			buildPhases = (
				45B5723825ACE90F005A80F7 /* Sources */,
				45B5723925ACE90F005A80F7 /* Frameworks */,
				45B5723A25ACE90F005A80F7 /* Resources */,
			);
			buildRules = (
			);
			dependencies = (
				45B5724225ACE90F005A80F7 /* PBXTargetDependency */,
			);
			name = IntegrationTests;
			packageProductDependencies = (
				45FA8FE1272C283B005166FD /* RInAppMessaging */,
				45FA8FEB272C2BC0005166FD /* Quick */,
				45FA8FED272C2BC3005166FD /* Nimble */,
				45FA8FFA272C2C17005166FD /* RSDKUtilsNimble */,
				45FA8FFC272C2C1A005166FD /* RSDKUtilsTestHelpers */,
			);
			productName = IntegrationTests;
			productReference = 45B5723C25ACE90F005A80F7 /* IntegrationTests.xctest */;
			productType = "com.apple.product-type.bundle.unit-test";
		};
		607FACCF1AFB9204008FA782 /* RInAppMessaging_Example */ = {
			isa = PBXNativeTarget;
			buildConfigurationList = 607FACEF1AFB9204008FA782 /* Build configuration list for PBXNativeTarget "RInAppMessaging_Example" */;
			buildPhases = (
				607FACCC1AFB9204008FA782 /* Sources */,
				607FACCD1AFB9204008FA782 /* Frameworks */,
				607FACCE1AFB9204008FA782 /* Resources */,
			);
			buildRules = (
			);
			dependencies = (
			);
			name = RInAppMessaging_Example;
			packageProductDependencies = (
				45FA8FDD272C26C8005166FD /* RInAppMessaging */,
				D234A758291C653F0086AC80 /* Shock */,
			);
			productName = InAppMessaging;
			productReference = 607FACD01AFB9204008FA782 /* RInAppMessaging_Example.app */;
			productType = "com.apple.product-type.application";
		};
		607FACE41AFB9204008FA782 /* Tests */ = {
			isa = PBXNativeTarget;
			buildConfigurationList = 607FACF21AFB9204008FA782 /* Build configuration list for PBXNativeTarget "Tests" */;
			buildPhases = (
				607FACE11AFB9204008FA782 /* Sources */,
				607FACE21AFB9204008FA782 /* Frameworks */,
				607FACE31AFB9204008FA782 /* Resources */,
			);
			buildRules = (
			);
			dependencies = (
				607FACE71AFB9204008FA782 /* PBXTargetDependency */,
			);
			name = Tests;
			packageProductDependencies = (
				45FA8FDF272C2835005166FD /* RInAppMessaging */,
				45FA8FE6272C2B9A005166FD /* Quick */,
				45FA8FE9272C2BA8005166FD /* Nimble */,
				45FA8FF6272C2C09005166FD /* RSDKUtilsNimble */,
				45FA8FF8272C2C09005166FD /* RSDKUtilsTestHelpers */,
			);
			productName = Tests;
			productReference = 607FACE51AFB9204008FA782 /* Tests.xctest */;
			productType = "com.apple.product-type.bundle.unit-test";
		};
/* End PBXNativeTarget section */

/* Begin PBXProject section */
		607FACC81AFB9204008FA782 /* Project object */ = {
			isa = PBXProject;
			attributes = {
				LastSwiftUpdateCheck = 1250;
				LastUpgradeCheck = 1210;
				ORGANIZATIONNAME = "Rakuten Group, Inc.";
				TargetAttributes = {
					453D242526A0DE5100FB9E6A = {
						CreatedOnToolsVersion = 12.5.1;
						ProvisioningStyle = Automatic;
						TestTargetID = 607FACCF1AFB9204008FA782;
					};
					45B5723B25ACE90F005A80F7 = {
						CreatedOnToolsVersion = 12.3;
						DevelopmentTeam = 38KUE5XET9;
						ProvisioningStyle = Automatic;
						TestTargetID = 607FACCF1AFB9204008FA782;
					};
					607FACCF1AFB9204008FA782 = {
						CreatedOnToolsVersion = 6.3.1;
						DevelopmentTeam = 575EYS6ZJA;
						LastSwiftMigration = 1130;
						ProvisioningStyle = Automatic;
					};
					607FACE41AFB9204008FA782 = {
						CreatedOnToolsVersion = 6.3.1;
						DevelopmentTeam = 87CT3T3CK2;
						LastSwiftMigration = 1130;
						TestTargetID = 607FACCF1AFB9204008FA782;
					};
				};
			};
			buildConfigurationList = 607FACCB1AFB9204008FA782 /* Build configuration list for PBXProject "SampleSPM" */;
			compatibilityVersion = "Xcode 3.2";
			developmentRegion = en;
			hasScannedForEncodings = 0;
			knownRegions = (
				Base,
				ja,
				en,
			);
			mainGroup = 607FACC71AFB9204008FA782;
			packageReferences = (
				45FA8FE5272C2B9A005166FD /* XCRemoteSwiftPackageReference "Quick" */,
				45FA8FE8272C2BA8005166FD /* XCRemoteSwiftPackageReference "Nimble" */,
				45FA8FF3272C2C09005166FD /* XCRemoteSwiftPackageReference "ios-sdkutils" */,
				45FA9002272C2C5C005166FD /* XCRemoteSwiftPackageReference "Shock" */,
			);
			productRefGroup = 607FACD11AFB9204008FA782 /* Products */;
			projectDirPath = "";
			projectRoot = "";
			targets = (
				607FACCF1AFB9204008FA782 /* RInAppMessaging_Example */,
				607FACE41AFB9204008FA782 /* Tests */,
				45B5723B25ACE90F005A80F7 /* IntegrationTests */,
				453D242526A0DE5100FB9E6A /* UITests */,
			);
		};
/* End PBXProject section */

/* Begin PBXResourcesBuildPhase section */
		453D242426A0DE5100FB9E6A /* Resources */ = {
			isa = PBXResourcesBuildPhase;
			buildActionMask = 2147483647;
			files = (
				45ECADE229DD6C91003F75B2 /* slide-up-trigger-without-messageBody.json in Resources */,
				453D244B26A4DBDC00FB9E6A /* full-text-only.json in Resources */,
				453D244D26A4DBDC00FB9E6A /* full-text-image.json in Resources */,
				4592B4B3270229D1004FF27B /* config.json in Resources */,
				4592B4CA27026FB7004FF27B /* istockphoto-1047234038.jpg in Resources */,
				453D245026A4DCD800FB9E6A /* slide-up-trigger.json in Resources */,
				FCEB554629E54B3A00E60481 /* modal-controls-invalid-url.json in Resources */,
				453D243726A4ABD000FB9E6A /* modal-text-image.json in Resources */,
				4592B4BA27024D0C004FF27B /* display-permission.json in Resources */,
				453D243C26A4B83E00FB9E6A /* modal-controls.json in Resources */,
				453D244926A4DBDC00FB9E6A /* full-image-only.json in Resources */,
				453D243926A4ABD000FB9E6A /* modal-image-only.json in Resources */,
				453D243226A172F600FB9E6A /* modal-text-only.json in Resources */,
				453D244726A4DBDC00FB9E6A /* full-controls.json in Resources */,
				453D245326A4DF1D00FB9E6A /* slide-up-close.json in Resources */,
			);
			runOnlyForDeploymentPostprocessing = 0;
		};
		45B5723A25ACE90F005A80F7 /* Resources */ = {
			isa = PBXResourcesBuildPhase;
			buildActionMask = 2147483647;
			files = (
			);
			runOnlyForDeploymentPostprocessing = 0;
		};
		607FACCE1AFB9204008FA782 /* Resources */ = {
			isa = PBXResourcesBuildPhase;
			buildActionMask = 2147483647;
			files = (
				D924268722D91C15002F50D3 /* Localizable.strings in Resources */,
				D920D8C92277B80F008FB38D /* SecondPageViewController.xib in Resources */,
				607FACDB1AFB9204008FA782 /* Main.storyboard in Resources */,
				607FACE01AFB9204008FA782 /* LaunchScreen.xib in Resources */,
				607FACDD1AFB9204008FA782 /* Images.xcassets in Resources */,
			);
			runOnlyForDeploymentPostprocessing = 0;
		};
		607FACE31AFB9204008FA782 /* Resources */ = {
			isa = PBXResourcesBuildPhase;
			buildActionMask = 2147483647;
			files = (
				4545631D29B955BE0080782E /* legacy_ping.json in Resources */,
				45357AE52457EBBC007D8FDC /* config_success.json in Resources */,
				45357AF1245A8CAA007D8FDC /* ping_invalid.json in Resources */,
				45357AF0245A8CAA007D8FDC /* ping_success_empty.json in Resources */,
				45357AF4245AC836007D8FDC /* displayPermission_invalid.json in Resources */,
				45357AE72458361F007D8FDC /* config_success_optional.json in Resources */,
				4545631B29B955340080782E /* test-image.png in Resources */,
				45357AED245A8C57007D8FDC /* ping_success.json in Resources */,
				45357AEB245A69FD007D8FDC /* config_fail_enabled.json in Resources */,
				45357AF5245AC836007D8FDC /* displayPermission_success.json in Resources */,
			);
			runOnlyForDeploymentPostprocessing = 0;
		};
/* End PBXResourcesBuildPhase section */

/* Begin PBXSourcesBuildPhase section */
		453D242226A0DE5100FB9E6A /* Sources */ = {
			isa = PBXSourcesBuildPhase;
			buildActionMask = 2147483647;
			files = (
				453D244126A4DB4900FB9E6A /* SlideUpViewSpec.swift in Sources */,
				4592B4B627024925004FF27B /* MockServerHelper.swift in Sources */,
				453D244026A4DB4900FB9E6A /* FullScreenViewSpec.swift in Sources */,
				453D242926A0DE5100FB9E6A /* ModalViewSpec.swift in Sources */,
				FCEB554429E54B1E00E60481 /* AlertPresentableSpec.swift in Sources */,
			);
			runOnlyForDeploymentPostprocessing = 0;
		};
		45B5723825ACE90F005A80F7 /* Sources */ = {
			isa = PBXSourcesBuildPhase;
			buildActionMask = 2147483647;
			files = (
				45B5723F25ACE90F005A80F7 /* IntegrationTests.swift in Sources */,
			);
			runOnlyForDeploymentPostprocessing = 0;
		};
		607FACCC1AFB9204008FA782 /* Sources */ = {
			isa = PBXSourcesBuildPhase;
			buildActionMask = 2147483647;
			files = (
				D920D8CB2277B965008FB38D /* SecondPageViewController.swift in Sources */,
				607FACD81AFB9204008FA782 /* ViewController.swift in Sources */,
				D234A747291C63000086AC80 /* MockServerHelper.swift in Sources */,
				607FACD61AFB9204008FA782 /* AppDelegate.swift in Sources */,
				D24EDF792941512D00F9EC5E /* String+Conversion.swift in Sources */,
				D24EDF762941506000F9EC5E /* CustomEventViewController.swift in Sources */,
			);
			runOnlyForDeploymentPostprocessing = 0;
		};
		607FACE11AFB9204008FA782 /* Sources */ = {
			isa = PBXSourcesBuildPhase;
			buildActionMask = 2147483647;
			files = (
				D24CF282294BE427007C6C85 /* UITabBarExtensionSpec.swift in Sources */,
				D234A736291C62CF0086AC80 /* TooltipViewSpec.swift in Sources */,
				D234A72F291C62CF0086AC80 /* MatchingUtilitySpec.swift in Sources */,
				D234A72E291C62CF0086AC80 /* BackoffSpec.swift in Sources */,
				D234A723291C62CF0086AC80 /* EventMatcherSpec.swift in Sources */,
				FCF93D8229C30863000DB8CE /* EventTypeSpec.swift in Sources */,
				D234A742291C62CF0086AC80 /* CampaignsValidatorSpec.swift in Sources */,
				D234A743291C62CF0086AC80 /* ViewListenerSpec.swift in Sources */,
				D234A71F291C62CE0086AC80 /* HeaderAttributesBuilderSpec.swift in Sources */,
				D234A731291C62CF0086AC80 /* DisplayPermissionServiceSpec.swift in Sources */,
				D234A725291C62CF0086AC80 /* CampaignRepositorySpec.swift in Sources */,
				D234A726291C62CF0086AC80 /* UIColorExtensionSpec.swift in Sources */,
				D234A71E291C62CE0086AC80 /* ViewPresenterSpec.swift in Sources */,
				45BDFD052421EE7B004DEA0C /* SharedMocks.swift in Sources */,
				D234A71C291C62CE0086AC80 /* RouterSpec.swift in Sources */,
				D234A72D291C62CF0086AC80 /* CampaignTriggerAgentSpec.swift in Sources */,
				D234A724291C62CF0086AC80 /* PublicAPISpec.swift in Sources */,
				D234A73C291C62CF0086AC80 /* ConfigurationManagerSpec.swift in Sources */,
				D234A732291C62CF0086AC80 /* MessageMixerServiceSpec.swift in Sources */,
				D234A73F291C62CF0086AC80 /* TooltipPresenterSpec.swift in Sources */,
				D234A73E291C62CF0086AC80 /* ReadyCampaignDispatcherSpec.swift in Sources */,
				D234A741291C62CF0086AC80 /* ViewModelSpec.swift in Sources */,
				D234A73B291C62CF0086AC80 /* OptOutMessageViewSpec.swift in Sources */,
				D234A735291C62CF0086AC80 /* ConfigurationServiceSpec.swift in Sources */,
				D234A720291C62CE0086AC80 /* CustomEventValidationSpec.swift in Sources */,
				FC92B45D29DD27670053CF0E /* UILabelExtensionSpec.swift in Sources */,
				D234A71B291C62CE0086AC80 /* MainContainerSpec.swift in Sources */,
				D234A718291C62CE0086AC80 /* BundleSpec.swift in Sources */,
				D234A72A291C62CF0086AC80 /* TooltipDispatcherSpec.swift in Sources */,
				D234A727291C62CF0086AC80 /* ConfigurationSpec.swift in Sources */,
				D234A740291C62CF0086AC80 /* UIViewExtensionSpec.swift in Sources */,
				D234A737291C62CF0086AC80 /* UIApplicationExtensionSpec.swift in Sources */,
				D234A733291C62CF0086AC80 /* LocaleSpec.swift in Sources */,
				D234A744291C62CF0086AC80 /* UIFontExtensionSpec.swift in Sources */,
				D234A739291C62CF0086AC80 /* CampaignsListManagerSpec.swift in Sources */,
				D234A72C291C62CF0086AC80 /* ViewSpec.swift in Sources */,
				D234A71D291C62CE0086AC80 /* TooltipManagerSpec.swift in Sources */,
				D234A729291C62CF0086AC80 /* ErrorReportableSpec.swift in Sources */,
				D234A73A291C62CF0086AC80 /* InAppMessagingModuleSpec.swift in Sources */,
				D234A73D291C62CF0086AC80 /* ConfigurationRepositorySpec.swift in Sources */,
				D92D1F262224A269008EA748 /* TestHelpers.swift in Sources */,
				D234A734291C62CF0086AC80 /* CommonUtilitySpec.swift in Sources */,
				D234A719291C62CE0086AC80 /* ImpressionServiceSpec.swift in Sources */,
				D234A722291C62CF0086AC80 /* CustomAttributeSpec.swift in Sources */,
				D234A721291C62CF0086AC80 /* ConfigEndpointResponseSpec.swift in Sources */,
				D234A730291C62CF0086AC80 /* KeyHasherSpec.swift in Sources */,
				D234A745291C62CF0086AC80 /* SerializationSpec.swift in Sources */,
				D234A71A291C62CE0086AC80 /* HttpRequestableSpec.swift in Sources */,
				D234A738291C62CF0086AC80 /* UserDataCacheSpec.swift in Sources */,
				D234A72B291C62CF0086AC80 /* UserInfoProviderSpec.swift in Sources */,
				D234A728291C62CF0086AC80 /* AccountRepositorySpec.swift in Sources */,
			);
			runOnlyForDeploymentPostprocessing = 0;
		};
/* End PBXSourcesBuildPhase section */

/* Begin PBXTargetDependency section */
		453D242C26A0DE5100FB9E6A /* PBXTargetDependency */ = {
			isa = PBXTargetDependency;
			target = 607FACCF1AFB9204008FA782 /* RInAppMessaging_Example */;
			targetProxy = 453D242B26A0DE5100FB9E6A /* PBXContainerItemProxy */;
		};
		45B5724225ACE90F005A80F7 /* PBXTargetDependency */ = {
			isa = PBXTargetDependency;
			target = 607FACCF1AFB9204008FA782 /* RInAppMessaging_Example */;
			targetProxy = 45B5724125ACE90F005A80F7 /* PBXContainerItemProxy */;
		};
		607FACE71AFB9204008FA782 /* PBXTargetDependency */ = {
			isa = PBXTargetDependency;
			target = 607FACCF1AFB9204008FA782 /* RInAppMessaging_Example */;
			targetProxy = 607FACE61AFB9204008FA782 /* PBXContainerItemProxy */;
		};
/* End PBXTargetDependency section */

/* Begin PBXVariantGroup section */
		607FACD91AFB9204008FA782 /* Main.storyboard */ = {
			isa = PBXVariantGroup;
			children = (
				607FACDA1AFB9204008FA782 /* Base */,
				D924268022D91046002F50D3 /* ja */,
			);
			name = Main.storyboard;
			sourceTree = "<group>";
		};
		607FACDE1AFB9204008FA782 /* LaunchScreen.xib */ = {
			isa = PBXVariantGroup;
			children = (
				607FACDF1AFB9204008FA782 /* Base */,
				D924268122D91046002F50D3 /* ja */,
			);
			name = LaunchScreen.xib;
			sourceTree = "<group>";
		};
		D924268522D91C15002F50D3 /* Localizable.strings */ = {
			isa = PBXVariantGroup;
			children = (
				D924268622D91C15002F50D3 /* Base */,
				D924268822D91C19002F50D3 /* ja */,
			);
			name = Localizable.strings;
			sourceTree = "<group>";
		};
/* End PBXVariantGroup section */

/* Begin XCBuildConfiguration section */
		453D242D26A0DE5100FB9E6A /* Debug */ = {
			isa = XCBuildConfiguration;
			buildSettings = {
				ALWAYS_SEARCH_USER_PATHS = NO;
				CLANG_ANALYZER_NONNULL = YES;
				CLANG_ANALYZER_NUMBER_OBJECT_CONVERSION = YES_AGGRESSIVE;
				CLANG_CXX_LANGUAGE_STANDARD = "gnu++14";
				CLANG_ENABLE_OBJC_WEAK = YES;
				CLANG_WARN_DOCUMENTATION_COMMENTS = YES;
				CLANG_WARN_UNGUARDED_AVAILABILITY = YES_AGGRESSIVE;
				CODE_SIGN_STYLE = Automatic;
				DEBUG_INFORMATION_FORMAT = dwarf;
				GCC_C_LANGUAGE_STANDARD = gnu11;
				INFOPLIST_FILE = ../Tests/UITests/Info.plist;
				LD_RUNPATH_SEARCH_PATHS = (
					"$(inherited)",
					"@executable_path/Frameworks",
					"@loader_path/Frameworks",
				);
				MTL_ENABLE_DEBUG_INFO = INCLUDE_SOURCE;
				MTL_FAST_MATH = YES;
				PRODUCT_BUNDLE_IDENTIFIER = jp.co.rakuten.inappmessaging.UITests;
				PRODUCT_NAME = "$(TARGET_NAME)";
				SWIFT_ACTIVE_COMPILATION_CONDITIONS = DEBUG;
				SWIFT_VERSION = 5.0;
				TEST_TARGET_NAME = RInAppMessaging_Example;
			};
			name = Debug;
		};
		453D242E26A0DE5100FB9E6A /* Release */ = {
			isa = XCBuildConfiguration;
			buildSettings = {
				ALWAYS_SEARCH_USER_PATHS = NO;
				CLANG_ANALYZER_NONNULL = YES;
				CLANG_ANALYZER_NUMBER_OBJECT_CONVERSION = YES_AGGRESSIVE;
				CLANG_CXX_LANGUAGE_STANDARD = "gnu++14";
				CLANG_ENABLE_OBJC_WEAK = YES;
				CLANG_WARN_DOCUMENTATION_COMMENTS = YES;
				CLANG_WARN_UNGUARDED_AVAILABILITY = YES_AGGRESSIVE;
				CODE_SIGN_STYLE = Automatic;
				GCC_C_LANGUAGE_STANDARD = gnu11;
				INFOPLIST_FILE = ../Tests/UITests/Info.plist;
				LD_RUNPATH_SEARCH_PATHS = (
					"$(inherited)",
					"@executable_path/Frameworks",
					"@loader_path/Frameworks",
				);
				MTL_FAST_MATH = YES;
				PRODUCT_BUNDLE_IDENTIFIER = jp.co.rakuten.inappmessaging.UITests;
				PRODUCT_NAME = "$(TARGET_NAME)";
				SWIFT_VERSION = 5.0;
				TEST_TARGET_NAME = RInAppMessaging_Example;
			};
			name = Release;
		};
		4592B4BF270263D4004FF27B /* UITests */ = {
			isa = XCBuildConfiguration;
			buildSettings = {
				CLANG_ANALYZER_LOCALIZABILITY_NONLOCALIZED = YES;
				CLANG_CXX_LANGUAGE_STANDARD = "gnu++0x";
				CLANG_CXX_LIBRARY = "libc++";
				CLANG_ENABLE_MODULES = YES;
				CLANG_ENABLE_OBJC_ARC = YES;
				CLANG_WARN_BLOCK_CAPTURE_AUTORELEASING = YES;
				CLANG_WARN_BOOL_CONVERSION = YES;
				CLANG_WARN_COMMA = YES;
				CLANG_WARN_CONSTANT_CONVERSION = YES;
				CLANG_WARN_DEPRECATED_OBJC_IMPLEMENTATIONS = YES;
				CLANG_WARN_DIRECT_OBJC_ISA_USAGE = YES_ERROR;
				CLANG_WARN_EMPTY_BODY = YES;
				CLANG_WARN_ENUM_CONVERSION = YES;
				CLANG_WARN_INFINITE_RECURSION = YES;
				CLANG_WARN_INT_CONVERSION = YES;
				CLANG_WARN_NON_LITERAL_NULL_CONVERSION = YES;
				CLANG_WARN_OBJC_IMPLICIT_RETAIN_SELF = YES;
				CLANG_WARN_OBJC_LITERAL_CONVERSION = YES;
				CLANG_WARN_OBJC_ROOT_CLASS = YES_ERROR;
				CLANG_WARN_QUOTED_INCLUDE_IN_FRAMEWORK_HEADER = YES;
				CLANG_WARN_RANGE_LOOP_ANALYSIS = YES;
				CLANG_WARN_STRICT_PROTOTYPES = YES;
				CLANG_WARN_SUSPICIOUS_MOVE = YES;
				CLANG_WARN_UNREACHABLE_CODE = YES;
				CLANG_WARN__DUPLICATE_METHOD_MATCH = YES;
				"CODE_SIGN_IDENTITY[sdk=iphoneos*]" = "iPhone Developer";
				COPY_PHASE_STRIP = NO;
				DEBUG_INFORMATION_FORMAT = "dwarf-with-dsym";
				ENABLE_STRICT_OBJC_MSGSEND = YES;
				ENABLE_TESTABILITY = YES;
				GCC_C_LANGUAGE_STANDARD = gnu99;
				GCC_DYNAMIC_NO_PIC = NO;
				GCC_NO_COMMON_BLOCKS = YES;
				GCC_OPTIMIZATION_LEVEL = 0;
				GCC_PREPROCESSOR_DEFINITIONS = (
					"DEBUG=1",
					"$(inherited)",
				);
				GCC_SYMBOLS_PRIVATE_EXTERN = NO;
				GCC_WARN_64_TO_32_BIT_CONVERSION = YES;
				GCC_WARN_ABOUT_RETURN_TYPE = YES_ERROR;
				GCC_WARN_UNDECLARED_SELECTOR = YES;
				GCC_WARN_UNINITIALIZED_AUTOS = YES_AGGRESSIVE;
				GCC_WARN_UNUSED_FUNCTION = YES;
				GCC_WARN_UNUSED_VARIABLE = YES;
				IPHONEOS_DEPLOYMENT_TARGET = 12.0;
				MTL_ENABLE_DEBUG_INFO = YES;
				ONLY_ACTIVE_ARCH = YES;
				SDKROOT = iphoneos;
				SWIFT_OPTIMIZATION_LEVEL = "-Onone";
				TARGETED_DEVICE_FAMILY = "1,2";
			};
			name = UITests;
		};
		4592B4C0270263D4004FF27B /* UITests */ = {
			isa = XCBuildConfiguration;
			baseConfigurationReference = 4592B4C42702642F004FF27B /* Example-UITests.xcconfig */;
			buildSettings = {
				ASSETCATALOG_COMPILER_APPICON_NAME = AppIcon;
				CODE_SIGN_IDENTITY = "iPhone Developer";
				CODE_SIGN_STYLE = Automatic;
				DEVELOPMENT_TEAM = 575EYS6ZJA;
				INFOPLIST_FILE = "$(SRCROOT)/Info.plist";
				LD_RUNPATH_SEARCH_PATHS = (
					"$(inherited)",
					"@executable_path/Frameworks",
				);
				MODULE_NAME = ExampleApp;
				PRODUCT_BUNDLE_IDENTIFIER = jp.co.rakuten.inappmessaging.demo.spm;
				PRODUCT_NAME = "$(TARGET_NAME)";
				PROVISIONING_PROFILE_SPECIFIER = "";
				SWIFT_COMPILATION_MODE = wholemodule;
				SWIFT_SWIFT3_OBJC_INFERENCE = Default;
				SWIFT_VERSION = 5.0;
			};
			name = UITests;
		};
		4592B4C1270263D4004FF27B /* UITests */ = {
			isa = XCBuildConfiguration;
			buildSettings = {
				DEVELOPMENT_TEAM = 87CT3T3CK2;
				GCC_PREPROCESSOR_DEFINITIONS = (
					"DEBUG=1",
					"$(inherited)",
				);
				INFOPLIST_FILE = ../Tests/Tests/Info.plist;
				PRODUCT_BUNDLE_IDENTIFIER = "jp.co.rakuten.inappmessaging.$(PRODUCT_NAME:rfc1034identifier)";
				PRODUCT_NAME = "$(TARGET_NAME)";
				SWIFT_SWIFT3_OBJC_INFERENCE = Default;
				SWIFT_VERSION = 5.0;
				TEST_HOST = "$(BUILT_PRODUCTS_DIR)/RInAppMessaging_Example.app/RInAppMessaging_Example";
			};
			name = UITests;
		};
		4592B4C2270263D4004FF27B /* UITests */ = {
			isa = XCBuildConfiguration;
			buildSettings = {
				ALWAYS_SEARCH_USER_PATHS = NO;
				BUNDLE_LOADER = "$(TEST_HOST)";
				CLANG_ANALYZER_NONNULL = YES;
				CLANG_ANALYZER_NUMBER_OBJECT_CONVERSION = YES_AGGRESSIVE;
				CLANG_CXX_LANGUAGE_STANDARD = "gnu++14";
				CLANG_ENABLE_OBJC_WEAK = YES;
				CLANG_WARN_DOCUMENTATION_COMMENTS = YES;
				CLANG_WARN_UNGUARDED_AVAILABILITY = YES_AGGRESSIVE;
				CODE_SIGN_STYLE = Automatic;
				DEBUG_INFORMATION_FORMAT = dwarf;
				DEVELOPMENT_TEAM = 38KUE5XET9;
				GCC_C_LANGUAGE_STANDARD = gnu11;
				INFOPLIST_FILE = ../Tests/IntegrationTests/Info.plist;
				LD_RUNPATH_SEARCH_PATHS = (
					"$(inherited)",
					"@executable_path/Frameworks",
					"@loader_path/Frameworks",
				);
				MTL_ENABLE_DEBUG_INFO = INCLUDE_SOURCE;
				MTL_FAST_MATH = YES;
				PRODUCT_BUNDLE_IDENTIFIER = "jp.co.rakuten.inappmessaging.$(PRODUCT_NAME:rfc1034identifier)";
				PRODUCT_NAME = "$(TARGET_NAME)";
				SWIFT_ACTIVE_COMPILATION_CONDITIONS = DEBUG;
				SWIFT_VERSION = 5.0;
				TEST_HOST = "$(BUILT_PRODUCTS_DIR)/RInAppMessaging_Example.app/RInAppMessaging_Example";
			};
			name = UITests;
		};
		4592B4C3270263D4004FF27B /* UITests */ = {
			isa = XCBuildConfiguration;
			buildSettings = {
				ALWAYS_SEARCH_USER_PATHS = NO;
				CLANG_ANALYZER_NONNULL = YES;
				CLANG_ANALYZER_NUMBER_OBJECT_CONVERSION = YES_AGGRESSIVE;
				CLANG_CXX_LANGUAGE_STANDARD = "gnu++14";
				CLANG_ENABLE_OBJC_WEAK = YES;
				CLANG_WARN_DOCUMENTATION_COMMENTS = YES;
				CLANG_WARN_UNGUARDED_AVAILABILITY = YES_AGGRESSIVE;
				CODE_SIGN_STYLE = Automatic;
				DEBUG_INFORMATION_FORMAT = dwarf;
				GCC_C_LANGUAGE_STANDARD = gnu11;
				INFOPLIST_FILE = ../Tests/UITests/Info.plist;
				LD_RUNPATH_SEARCH_PATHS = (
					"$(inherited)",
					"@executable_path/Frameworks",
					"@loader_path/Frameworks",
				);
				MTL_ENABLE_DEBUG_INFO = INCLUDE_SOURCE;
				MTL_FAST_MATH = YES;
				PRODUCT_BUNDLE_IDENTIFIER = jp.co.rakuten.inappmessaging.UITests;
				PRODUCT_NAME = "$(TARGET_NAME)";
				SWIFT_ACTIVE_COMPILATION_CONDITIONS = DEBUG;
				SWIFT_VERSION = 5.0;
				TEST_TARGET_NAME = RInAppMessaging_Example;
			};
			name = UITests;
		};
		45B5724425ACE90F005A80F7 /* Debug */ = {
			isa = XCBuildConfiguration;
			buildSettings = {
				ALWAYS_SEARCH_USER_PATHS = NO;
				BUNDLE_LOADER = "$(TEST_HOST)";
				CLANG_ANALYZER_NONNULL = YES;
				CLANG_ANALYZER_NUMBER_OBJECT_CONVERSION = YES_AGGRESSIVE;
				CLANG_CXX_LANGUAGE_STANDARD = "gnu++14";
				CLANG_ENABLE_OBJC_WEAK = YES;
				CLANG_WARN_DOCUMENTATION_COMMENTS = YES;
				CLANG_WARN_UNGUARDED_AVAILABILITY = YES_AGGRESSIVE;
				CODE_SIGN_STYLE = Automatic;
				DEBUG_INFORMATION_FORMAT = dwarf;
				DEVELOPMENT_TEAM = 38KUE5XET9;
				GCC_C_LANGUAGE_STANDARD = gnu11;
				INFOPLIST_FILE = ../Tests/IntegrationTests/Info.plist;
				LD_RUNPATH_SEARCH_PATHS = (
					"$(inherited)",
					"@executable_path/Frameworks",
					"@loader_path/Frameworks",
				);
				MTL_ENABLE_DEBUG_INFO = INCLUDE_SOURCE;
				MTL_FAST_MATH = YES;
				PRODUCT_BUNDLE_IDENTIFIER = "jp.co.rakuten.inappmessaging.$(PRODUCT_NAME:rfc1034identifier)";
				PRODUCT_NAME = "$(TARGET_NAME)";
				SWIFT_ACTIVE_COMPILATION_CONDITIONS = DEBUG;
				SWIFT_VERSION = 5.0;
				TEST_HOST = "$(BUILT_PRODUCTS_DIR)/RInAppMessaging_Example.app/RInAppMessaging_Example";
			};
			name = Debug;
		};
		45B5724525ACE90F005A80F7 /* Release */ = {
			isa = XCBuildConfiguration;
			buildSettings = {
				ALWAYS_SEARCH_USER_PATHS = NO;
				BUNDLE_LOADER = "$(TEST_HOST)";
				CLANG_ANALYZER_NONNULL = YES;
				CLANG_ANALYZER_NUMBER_OBJECT_CONVERSION = YES_AGGRESSIVE;
				CLANG_CXX_LANGUAGE_STANDARD = "gnu++14";
				CLANG_ENABLE_OBJC_WEAK = YES;
				CLANG_WARN_DOCUMENTATION_COMMENTS = YES;
				CLANG_WARN_UNGUARDED_AVAILABILITY = YES_AGGRESSIVE;
				CODE_SIGN_STYLE = Automatic;
				DEVELOPMENT_TEAM = 38KUE5XET9;
				GCC_C_LANGUAGE_STANDARD = gnu11;
				INFOPLIST_FILE = ../Tests/IntegrationTests/Info.plist;
				LD_RUNPATH_SEARCH_PATHS = (
					"$(inherited)",
					"@executable_path/Frameworks",
					"@loader_path/Frameworks",
				);
				MTL_FAST_MATH = YES;
				PRODUCT_BUNDLE_IDENTIFIER = "jp.co.rakuten.inappmessaging.$(PRODUCT_NAME:rfc1034identifier)";
				PRODUCT_NAME = "$(TARGET_NAME)";
				SWIFT_VERSION = 5.0;
				TEST_HOST = "$(BUILT_PRODUCTS_DIR)/RInAppMessaging_Example.app/RInAppMessaging_Example";
			};
			name = Release;
		};
		607FACED1AFB9204008FA782 /* Debug */ = {
			isa = XCBuildConfiguration;
			buildSettings = {
				CLANG_ANALYZER_LOCALIZABILITY_NONLOCALIZED = YES;
				CLANG_CXX_LANGUAGE_STANDARD = "gnu++0x";
				CLANG_CXX_LIBRARY = "libc++";
				CLANG_ENABLE_MODULES = YES;
				CLANG_ENABLE_OBJC_ARC = YES;
				CLANG_WARN_BLOCK_CAPTURE_AUTORELEASING = YES;
				CLANG_WARN_BOOL_CONVERSION = YES;
				CLANG_WARN_COMMA = YES;
				CLANG_WARN_CONSTANT_CONVERSION = YES;
				CLANG_WARN_DEPRECATED_OBJC_IMPLEMENTATIONS = YES;
				CLANG_WARN_DIRECT_OBJC_ISA_USAGE = YES_ERROR;
				CLANG_WARN_EMPTY_BODY = YES;
				CLANG_WARN_ENUM_CONVERSION = YES;
				CLANG_WARN_INFINITE_RECURSION = YES;
				CLANG_WARN_INT_CONVERSION = YES;
				CLANG_WARN_NON_LITERAL_NULL_CONVERSION = YES;
				CLANG_WARN_OBJC_IMPLICIT_RETAIN_SELF = YES;
				CLANG_WARN_OBJC_LITERAL_CONVERSION = YES;
				CLANG_WARN_OBJC_ROOT_CLASS = YES_ERROR;
				CLANG_WARN_QUOTED_INCLUDE_IN_FRAMEWORK_HEADER = YES;
				CLANG_WARN_RANGE_LOOP_ANALYSIS = YES;
				CLANG_WARN_STRICT_PROTOTYPES = YES;
				CLANG_WARN_SUSPICIOUS_MOVE = YES;
				CLANG_WARN_UNREACHABLE_CODE = YES;
				CLANG_WARN__DUPLICATE_METHOD_MATCH = YES;
				"CODE_SIGN_IDENTITY[sdk=iphoneos*]" = "iPhone Developer";
				COPY_PHASE_STRIP = NO;
				DEBUG_INFORMATION_FORMAT = "dwarf-with-dsym";
				ENABLE_STRICT_OBJC_MSGSEND = YES;
				ENABLE_TESTABILITY = YES;
				GCC_C_LANGUAGE_STANDARD = gnu99;
				GCC_DYNAMIC_NO_PIC = NO;
				GCC_NO_COMMON_BLOCKS = YES;
				GCC_OPTIMIZATION_LEVEL = 0;
				GCC_PREPROCESSOR_DEFINITIONS = (
					"DEBUG=1",
					"$(inherited)",
				);
				GCC_SYMBOLS_PRIVATE_EXTERN = NO;
				GCC_WARN_64_TO_32_BIT_CONVERSION = YES;
				GCC_WARN_ABOUT_RETURN_TYPE = YES_ERROR;
				GCC_WARN_UNDECLARED_SELECTOR = YES;
				GCC_WARN_UNINITIALIZED_AUTOS = YES_AGGRESSIVE;
				GCC_WARN_UNUSED_FUNCTION = YES;
				GCC_WARN_UNUSED_VARIABLE = YES;
				IPHONEOS_DEPLOYMENT_TARGET = 12.0;
				MTL_ENABLE_DEBUG_INFO = YES;
				ONLY_ACTIVE_ARCH = YES;
				SDKROOT = iphoneos;
				SWIFT_OPTIMIZATION_LEVEL = "-Onone";
				TARGETED_DEVICE_FAMILY = "1,2";
			};
			name = Debug;
		};
		607FACEE1AFB9204008FA782 /* Release */ = {
			isa = XCBuildConfiguration;
			buildSettings = {
				CLANG_ANALYZER_LOCALIZABILITY_NONLOCALIZED = YES;
				CLANG_CXX_LANGUAGE_STANDARD = "gnu++0x";
				CLANG_CXX_LIBRARY = "libc++";
				CLANG_ENABLE_MODULES = YES;
				CLANG_ENABLE_OBJC_ARC = YES;
				CLANG_WARN_BLOCK_CAPTURE_AUTORELEASING = YES;
				CLANG_WARN_BOOL_CONVERSION = YES;
				CLANG_WARN_COMMA = YES;
				CLANG_WARN_CONSTANT_CONVERSION = YES;
				CLANG_WARN_DEPRECATED_OBJC_IMPLEMENTATIONS = YES;
				CLANG_WARN_DIRECT_OBJC_ISA_USAGE = YES_ERROR;
				CLANG_WARN_EMPTY_BODY = YES;
				CLANG_WARN_ENUM_CONVERSION = YES;
				CLANG_WARN_INFINITE_RECURSION = YES;
				CLANG_WARN_INT_CONVERSION = YES;
				CLANG_WARN_NON_LITERAL_NULL_CONVERSION = YES;
				CLANG_WARN_OBJC_IMPLICIT_RETAIN_SELF = YES;
				CLANG_WARN_OBJC_LITERAL_CONVERSION = YES;
				CLANG_WARN_OBJC_ROOT_CLASS = YES_ERROR;
				CLANG_WARN_QUOTED_INCLUDE_IN_FRAMEWORK_HEADER = YES;
				CLANG_WARN_RANGE_LOOP_ANALYSIS = YES;
				CLANG_WARN_STRICT_PROTOTYPES = YES;
				CLANG_WARN_SUSPICIOUS_MOVE = YES;
				CLANG_WARN_UNREACHABLE_CODE = YES;
				CLANG_WARN__DUPLICATE_METHOD_MATCH = YES;
				"CODE_SIGN_IDENTITY[sdk=iphoneos*]" = "iPhone Developer";
				COPY_PHASE_STRIP = NO;
				DEBUG_INFORMATION_FORMAT = "dwarf-with-dsym";
				ENABLE_NS_ASSERTIONS = NO;
				ENABLE_STRICT_OBJC_MSGSEND = YES;
				GCC_C_LANGUAGE_STANDARD = gnu99;
				GCC_NO_COMMON_BLOCKS = YES;
				GCC_WARN_64_TO_32_BIT_CONVERSION = YES;
				GCC_WARN_ABOUT_RETURN_TYPE = YES_ERROR;
				GCC_WARN_UNDECLARED_SELECTOR = YES;
				GCC_WARN_UNINITIALIZED_AUTOS = YES_AGGRESSIVE;
				GCC_WARN_UNUSED_FUNCTION = YES;
				GCC_WARN_UNUSED_VARIABLE = YES;
				IPHONEOS_DEPLOYMENT_TARGET = 12.0;
				MTL_ENABLE_DEBUG_INFO = NO;
				SDKROOT = iphoneos;
				SWIFT_COMPILATION_MODE = wholemodule;
				SWIFT_OPTIMIZATION_LEVEL = "-O";
				TARGETED_DEVICE_FAMILY = "1,2";
				VALIDATE_PRODUCT = YES;
			};
			name = Release;
		};
		607FACF01AFB9204008FA782 /* Debug */ = {
			isa = XCBuildConfiguration;
			baseConfigurationReference = 6DA608F3248603BA00A8260D /* Example-Debug.xcconfig */;
			buildSettings = {
				ASSETCATALOG_COMPILER_APPICON_NAME = AppIcon;
				CODE_SIGN_IDENTITY = "iPhone Developer";
				CODE_SIGN_STYLE = Automatic;
				DEVELOPMENT_TEAM = 575EYS6ZJA;
				INFOPLIST_FILE = "$(SRCROOT)/Info.plist";
				LD_RUNPATH_SEARCH_PATHS = (
					"$(inherited)",
					"@executable_path/Frameworks",
				);
				MODULE_NAME = ExampleApp;
				PRODUCT_BUNDLE_IDENTIFIER = jp.co.rakuten.inappmessaging.demo.spm;
				PRODUCT_NAME = "$(TARGET_NAME)";
				PROVISIONING_PROFILE_SPECIFIER = "";
				SWIFT_COMPILATION_MODE = wholemodule;
				SWIFT_SWIFT3_OBJC_INFERENCE = Default;
				SWIFT_VERSION = 5.0;
			};
			name = Debug;
		};
		607FACF11AFB9204008FA782 /* Release */ = {
			isa = XCBuildConfiguration;
			baseConfigurationReference = 6DA608F424860B7F00A8260D /* Example-Release.xcconfig */;
			buildSettings = {
				ASSETCATALOG_COMPILER_APPICON_NAME = AppIcon;
				CODE_SIGN_IDENTITY = "iPhone Developer";
				CODE_SIGN_STYLE = Automatic;
				DEVELOPMENT_TEAM = 575EYS6ZJA;
				INFOPLIST_FILE = "$(SRCROOT)/Info.plist";
				LD_RUNPATH_SEARCH_PATHS = (
					"$(inherited)",
					"@executable_path/Frameworks",
				);
				MODULE_NAME = ExampleApp;
				PRODUCT_BUNDLE_IDENTIFIER = jp.co.rakuten.inappmessaging.demo.spm;
				PRODUCT_NAME = "$(TARGET_NAME)";
				PROVISIONING_PROFILE_SPECIFIER = "";
				SWIFT_COMPILATION_MODE = wholemodule;
				SWIFT_SWIFT3_OBJC_INFERENCE = Default;
				SWIFT_VERSION = 5.0;
			};
			name = Release;
		};
		607FACF31AFB9204008FA782 /* Debug */ = {
			isa = XCBuildConfiguration;
			buildSettings = {
				DEVELOPMENT_TEAM = 87CT3T3CK2;
				GCC_PREPROCESSOR_DEFINITIONS = (
					"DEBUG=1",
					"$(inherited)",
				);
				INFOPLIST_FILE = ../Tests/Tests/Info.plist;
				PRODUCT_BUNDLE_IDENTIFIER = "jp.co.rakuten.inappmessaging.$(PRODUCT_NAME:rfc1034identifier)";
				PRODUCT_NAME = "$(TARGET_NAME)";
				SWIFT_SWIFT3_OBJC_INFERENCE = Default;
				SWIFT_VERSION = 5.0;
				TEST_HOST = "$(BUILT_PRODUCTS_DIR)/RInAppMessaging_Example.app/RInAppMessaging_Example";
			};
			name = Debug;
		};
		607FACF41AFB9204008FA782 /* Release */ = {
			isa = XCBuildConfiguration;
			buildSettings = {
				DEVELOPMENT_TEAM = 87CT3T3CK2;
				INFOPLIST_FILE = ../Tests/Tests/Info.plist;
				PRODUCT_BUNDLE_IDENTIFIER = "jp.co.rakuten.inappmessaging.$(PRODUCT_NAME:rfc1034identifier)";
				PRODUCT_NAME = "$(TARGET_NAME)";
				SWIFT_SWIFT3_OBJC_INFERENCE = Default;
				SWIFT_VERSION = 5.0;
				TEST_HOST = "$(BUILT_PRODUCTS_DIR)/RInAppMessaging_Example.app/RInAppMessaging_Example";
			};
			name = Release;
		};
/* End XCBuildConfiguration section */

/* Begin XCConfigurationList section */
		453D242F26A0DE5100FB9E6A /* Build configuration list for PBXNativeTarget "UITests" */ = {
			isa = XCConfigurationList;
			buildConfigurations = (
				453D242D26A0DE5100FB9E6A /* Debug */,
				4592B4C3270263D4004FF27B /* UITests */,
				453D242E26A0DE5100FB9E6A /* Release */,
			);
			defaultConfigurationIsVisible = 0;
			defaultConfigurationName = Release;
		};
		45B5724325ACE90F005A80F7 /* Build configuration list for PBXNativeTarget "IntegrationTests" */ = {
			isa = XCConfigurationList;
			buildConfigurations = (
				45B5724425ACE90F005A80F7 /* Debug */,
				4592B4C2270263D4004FF27B /* UITests */,
				45B5724525ACE90F005A80F7 /* Release */,
			);
			defaultConfigurationIsVisible = 0;
			defaultConfigurationName = Release;
		};
		607FACCB1AFB9204008FA782 /* Build configuration list for PBXProject "SampleSPM" */ = {
			isa = XCConfigurationList;
			buildConfigurations = (
				607FACED1AFB9204008FA782 /* Debug */,
				4592B4BF270263D4004FF27B /* UITests */,
				607FACEE1AFB9204008FA782 /* Release */,
			);
			defaultConfigurationIsVisible = 0;
			defaultConfigurationName = Release;
		};
		607FACEF1AFB9204008FA782 /* Build configuration list for PBXNativeTarget "RInAppMessaging_Example" */ = {
			isa = XCConfigurationList;
			buildConfigurations = (
				607FACF01AFB9204008FA782 /* Debug */,
				4592B4C0270263D4004FF27B /* UITests */,
				607FACF11AFB9204008FA782 /* Release */,
			);
			defaultConfigurationIsVisible = 0;
			defaultConfigurationName = Release;
		};
		607FACF21AFB9204008FA782 /* Build configuration list for PBXNativeTarget "Tests" */ = {
			isa = XCConfigurationList;
			buildConfigurations = (
				607FACF31AFB9204008FA782 /* Debug */,
				4592B4C1270263D4004FF27B /* UITests */,
				607FACF41AFB9204008FA782 /* Release */,
			);
			defaultConfigurationIsVisible = 0;
			defaultConfigurationName = Release;
		};
/* End XCConfigurationList section */

/* Begin XCRemoteSwiftPackageReference section */
		45FA8FE5272C2B9A005166FD /* XCRemoteSwiftPackageReference "Quick" */ = {
			isa = XCRemoteSwiftPackageReference;
			repositoryURL = "https://github.com/Quick/Quick.git";
			requirement = {
				kind = upToNextMajorVersion;
				minimumVersion = 5.0.0;
			};
		};
		45FA8FE8272C2BA8005166FD /* XCRemoteSwiftPackageReference "Nimble" */ = {
			isa = XCRemoteSwiftPackageReference;
			repositoryURL = "https://github.com/Quick/Nimble.git";
			requirement = {
				kind = upToNextMajorVersion;
				minimumVersion = 9.0.0;
			};
		};
		45FA8FF3272C2C09005166FD /* XCRemoteSwiftPackageReference "ios-sdkutils" */ = {
			isa = XCRemoteSwiftPackageReference;
			repositoryURL = "https://github.com/rakutentech/ios-sdkutils.git";
			requirement = {
				kind = upToNextMajorVersion;
				minimumVersion = 4.0.0;
			};
		};
		45FA9002272C2C5C005166FD /* XCRemoteSwiftPackageReference "Shock" */ = {
			isa = XCRemoteSwiftPackageReference;
			repositoryURL = "https://github.com/justeat/Shock.git";
			requirement = {
				kind = upToNextMinorVersion;
				minimumVersion = 6.0.0;
			};
		};
/* End XCRemoteSwiftPackageReference section */

/* Begin XCSwiftPackageProductDependency section */
		45FA8FDD272C26C8005166FD /* RInAppMessaging */ = {
			isa = XCSwiftPackageProductDependency;
			productName = RInAppMessaging;
		};
		45FA8FDF272C2835005166FD /* RInAppMessaging */ = {
			isa = XCSwiftPackageProductDependency;
			productName = RInAppMessaging;
		};
		45FA8FE1272C283B005166FD /* RInAppMessaging */ = {
			isa = XCSwiftPackageProductDependency;
			productName = RInAppMessaging;
		};
		45FA8FE3272C283F005166FD /* RInAppMessaging */ = {
			isa = XCSwiftPackageProductDependency;
			productName = RInAppMessaging;
		};
		45FA8FE6272C2B9A005166FD /* Quick */ = {
			isa = XCSwiftPackageProductDependency;
			package = 45FA8FE5272C2B9A005166FD /* XCRemoteSwiftPackageReference "Quick" */;
			productName = Quick;
		};
		45FA8FE9272C2BA8005166FD /* Nimble */ = {
			isa = XCSwiftPackageProductDependency;
			package = 45FA8FE8272C2BA8005166FD /* XCRemoteSwiftPackageReference "Nimble" */;
			productName = Nimble;
		};
		45FA8FEB272C2BC0005166FD /* Quick */ = {
			isa = XCSwiftPackageProductDependency;
			package = 45FA8FE5272C2B9A005166FD /* XCRemoteSwiftPackageReference "Quick" */;
			productName = Quick;
		};
		45FA8FED272C2BC3005166FD /* Nimble */ = {
			isa = XCSwiftPackageProductDependency;
			package = 45FA8FE8272C2BA8005166FD /* XCRemoteSwiftPackageReference "Nimble" */;
			productName = Nimble;
		};
		45FA8FEF272C2BC7005166FD /* Quick */ = {
			isa = XCSwiftPackageProductDependency;
			package = 45FA8FE5272C2B9A005166FD /* XCRemoteSwiftPackageReference "Quick" */;
			productName = Quick;
		};
		45FA8FF1272C2BCD005166FD /* Nimble */ = {
			isa = XCSwiftPackageProductDependency;
			package = 45FA8FE8272C2BA8005166FD /* XCRemoteSwiftPackageReference "Nimble" */;
			productName = Nimble;
		};
		45FA8FF6272C2C09005166FD /* RSDKUtilsNimble */ = {
			isa = XCSwiftPackageProductDependency;
			package = 45FA8FF3272C2C09005166FD /* XCRemoteSwiftPackageReference "ios-sdkutils" */;
			productName = RSDKUtilsNimble;
		};
		45FA8FF8272C2C09005166FD /* RSDKUtilsTestHelpers */ = {
			isa = XCSwiftPackageProductDependency;
			package = 45FA8FF3272C2C09005166FD /* XCRemoteSwiftPackageReference "ios-sdkutils" */;
			productName = RSDKUtilsTestHelpers;
		};
		45FA8FFA272C2C17005166FD /* RSDKUtilsNimble */ = {
			isa = XCSwiftPackageProductDependency;
			package = 45FA8FF3272C2C09005166FD /* XCRemoteSwiftPackageReference "ios-sdkutils" */;
			productName = RSDKUtilsNimble;
		};
		45FA8FFC272C2C1A005166FD /* RSDKUtilsTestHelpers */ = {
			isa = XCSwiftPackageProductDependency;
			package = 45FA8FF3272C2C09005166FD /* XCRemoteSwiftPackageReference "ios-sdkutils" */;
			productName = RSDKUtilsTestHelpers;
		};
		45FA8FFE272C2C1E005166FD /* RSDKUtilsNimble */ = {
			isa = XCSwiftPackageProductDependency;
			package = 45FA8FF3272C2C09005166FD /* XCRemoteSwiftPackageReference "ios-sdkutils" */;
			productName = RSDKUtilsNimble;
		};
		45FA9000272C2C21005166FD /* RSDKUtilsTestHelpers */ = {
			isa = XCSwiftPackageProductDependency;
			package = 45FA8FF3272C2C09005166FD /* XCRemoteSwiftPackageReference "ios-sdkutils" */;
			productName = RSDKUtilsTestHelpers;
		};
		45FA9003272C2C5C005166FD /* Shock */ = {
			isa = XCSwiftPackageProductDependency;
			package = 45FA9002272C2C5C005166FD /* XCRemoteSwiftPackageReference "Shock" */;
			productName = Shock;
		};
		D234A758291C653F0086AC80 /* Shock */ = {
			isa = XCSwiftPackageProductDependency;
			package = 45FA9002272C2C5C005166FD /* XCRemoteSwiftPackageReference "Shock" */;
			productName = Shock;
		};
/* End XCSwiftPackageProductDependency section */
	};
	rootObject = 607FACC81AFB9204008FA782 /* Project object */;
}
