// !$*UTF8*$!
{
	archiveVersion = 1;
	classes = {
	};
	objectVersion = 46;
	objects = {

/* Begin PBXBuildFile section */
		4516601223CD411300310181 /* DependencyManagerTests.swift in Sources */ = {isa = PBXBuildFile; fileRef = 4516601123CD411300310181 /* DependencyManagerTests.swift */; };
		4516601D23CD740300310181 /* MainContainerTests.swift in Sources */ = {isa = PBXBuildFile; fileRef = 4516601C23CD740300310181 /* MainContainerTests.swift */; };
		4534947223C6ABF700189A81 /* SerializationTests.swift in Sources */ = {isa = PBXBuildFile; fileRef = 4534947123C6ABF700189A81 /* SerializationTests.swift */; };
		45357AE52457EBBC007D8FDC /* config_success.json in Resources */ = {isa = PBXBuildFile; fileRef = 45357AE42457EBBC007D8FDC /* config_success.json */; };
		45357AE72458361F007D8FDC /* config_success_optional.json in Resources */ = {isa = PBXBuildFile; fileRef = 45357AE62458361F007D8FDC /* config_success_optional.json */; };
		45357AEA245A69FD007D8FDC /* config_fail_ping.json in Resources */ = {isa = PBXBuildFile; fileRef = 45357AE8245A69FC007D8FDC /* config_fail_ping.json */; };
		45357AEB245A69FD007D8FDC /* config_fail_enabled.json in Resources */ = {isa = PBXBuildFile; fileRef = 45357AE9245A69FD007D8FDC /* config_fail_enabled.json */; };
		45357AED245A8C57007D8FDC /* ping_success.json in Resources */ = {isa = PBXBuildFile; fileRef = 45357AEC245A8C57007D8FDC /* ping_success.json */; };
		45357AF0245A8CAA007D8FDC /* ping_success_empty.json in Resources */ = {isa = PBXBuildFile; fileRef = 45357AEE245A8CAA007D8FDC /* ping_success_empty.json */; };
		45357AF1245A8CAA007D8FDC /* ping_invalid.json in Resources */ = {isa = PBXBuildFile; fileRef = 45357AEF245A8CAA007D8FDC /* ping_invalid.json */; };
		45357AF4245AC836007D8FDC /* displayPermission_invalid.json in Resources */ = {isa = PBXBuildFile; fileRef = 45357AF2245AC836007D8FDC /* displayPermission_invalid.json */; };
		45357AF5245AC836007D8FDC /* displayPermission_success.json in Resources */ = {isa = PBXBuildFile; fileRef = 45357AF3245AC836007D8FDC /* displayPermission_success.json */; };
		45357AF7245AD49E007D8FDC /* HttpRequestableTests.swift in Sources */ = {isa = PBXBuildFile; fileRef = 45357AF6245AD49E007D8FDC /* HttpRequestableTests.swift */; };
		45563B03240614AE004EAFD3 /* ReadyCampaignDispatcherTests.swift in Sources */ = {isa = PBXBuildFile; fileRef = 45563B02240614AE004EAFD3 /* ReadyCampaignDispatcherTests.swift */; };
		45563B0724064D78004EAFD3 /* CampaignRepositoryTests.swift in Sources */ = {isa = PBXBuildFile; fileRef = 45563B0624064D78004EAFD3 /* CampaignRepositoryTests.swift */; };
		45563B0924064D98004EAFD3 /* LockableTests.swift in Sources */ = {isa = PBXBuildFile; fileRef = 45563B0824064D98004EAFD3 /* LockableTests.swift */; };
		456FE1E72428513200304872 /* ErrorReportableTests.swift in Sources */ = {isa = PBXBuildFile; fileRef = 456FE1E62428513200304872 /* ErrorReportableTests.swift */; };
		456FE1E924288C6500304872 /* CampaignTriggerAgentTests.swift in Sources */ = {isa = PBXBuildFile; fileRef = 456FE1E824288C6500304872 /* CampaignTriggerAgentTests.swift */; };
		456FE1EB2428C51E00304872 /* CommonUtilityTests.swift in Sources */ = {isa = PBXBuildFile; fileRef = 456FE1EA2428C51E00304872 /* CommonUtilityTests.swift */; };
		456FE1ED2429C4D200304872 /* ViewTests.swift in Sources */ = {isa = PBXBuildFile; fileRef = 456FE1EC2429C4D200304872 /* ViewTests.swift */; };
		459B227C245289F300D218CE /* ConfigurationServiceTests.swift in Sources */ = {isa = PBXBuildFile; fileRef = 459B227B245289F300D218CE /* ConfigurationServiceTests.swift */; };
		459B227E24528A5100D218CE /* MessageMixerServiceTests.swift in Sources */ = {isa = PBXBuildFile; fileRef = 459B227D24528A5000D218CE /* MessageMixerServiceTests.swift */; };
		459B228024528A6900D218CE /* ImpressionServiceTests.swift in Sources */ = {isa = PBXBuildFile; fileRef = 459B227F24528A6900D218CE /* ImpressionServiceTests.swift */; };
		459B228224528A7D00D218CE /* DisplayPermissionServiceTests.swift in Sources */ = {isa = PBXBuildFile; fileRef = 459B228124528A7D00D218CE /* DisplayPermissionServiceTests.swift */; };
		459DE86A24074F720002F451 /* EventMatcherTests.swift in Sources */ = {isa = PBXBuildFile; fileRef = 459DE86924074F720002F451 /* EventMatcherTests.swift */; };
		459DE86C2407B5750002F451 /* CustomEventTests.swift in Sources */ = {isa = PBXBuildFile; fileRef = 459DE86B2407B5750002F451 /* CustomEventTests.swift */; };
		45ADA53E247CFE9E00A9E2A3 /* ConfigurationRepositoryTests.swift in Sources */ = {isa = PBXBuildFile; fileRef = 45ADA53D247CFE9E00A9E2A3 /* ConfigurationRepositoryTests.swift */; };
		45ADA540247D076E00A9E2A3 /* InAppMessagingModuleTests.swift in Sources */ = {isa = PBXBuildFile; fileRef = 45ADA53F247D076E00A9E2A3 /* InAppMessagingModuleTests.swift */; };
		45ADA542247D206B00A9E2A3 /* RouterTests.swift in Sources */ = {isa = PBXBuildFile; fileRef = 45ADA541247D206B00A9E2A3 /* RouterTests.swift */; };
		45ADA544247DF5BB00A9E2A3 /* ReachabilityTests.swift in Sources */ = {isa = PBXBuildFile; fileRef = 45ADA543247DF5BB00A9E2A3 /* ReachabilityTests.swift */; };
		45AFB2F6245C18660080D21B /* MatchingUtilityTests.swift in Sources */ = {isa = PBXBuildFile; fileRef = 45AFB2F5245C18660080D21B /* MatchingUtilityTests.swift */; };
		45AFB308246CFB640080D21B /* LocaleTests.swift in Sources */ = {isa = PBXBuildFile; fileRef = 45AFB307246CFB640080D21B /* LocaleTests.swift */; };
		45BDFD032421D311004DEA0C /* CampaignsListManagerTests.swift in Sources */ = {isa = PBXBuildFile; fileRef = 45BDFD022421D311004DEA0C /* CampaignsListManagerTests.swift */; };
		45BDFD052421EE7B004DEA0C /* SharedMocks.swift in Sources */ = {isa = PBXBuildFile; fileRef = 45BDFD042421EE7B004DEA0C /* SharedMocks.swift */; };
		45BDFD0724232714004DEA0C /* PublicAPITests.swift in Sources */ = {isa = PBXBuildFile; fileRef = 45BDFD0624232714004DEA0C /* PublicAPITests.swift */; };
		45BDFD09242362C3004DEA0C /* UIColorExtensionsTests.swift in Sources */ = {isa = PBXBuildFile; fileRef = 45BDFD08242362C3004DEA0C /* UIColorExtensionsTests.swift */; };
		45D4DA4F240F5597009B9B37 /* ViewPresenterTests.swift in Sources */ = {isa = PBXBuildFile; fileRef = 45D4DA4E240F5597009B9B37 /* ViewPresenterTests.swift */; };
		45DA01AD23D5831900A27CC6 /* ConfigurationManagerTests.swift in Sources */ = {isa = PBXBuildFile; fileRef = 45DA01AC23D5831900A27CC6 /* ConfigurationManagerTests.swift */; };
		607FACD61AFB9204008FA782 /* AppDelegate.swift in Sources */ = {isa = PBXBuildFile; fileRef = 607FACD51AFB9204008FA782 /* AppDelegate.swift */; };
		607FACD81AFB9204008FA782 /* ViewController.swift in Sources */ = {isa = PBXBuildFile; fileRef = 607FACD71AFB9204008FA782 /* ViewController.swift */; };
		607FACDB1AFB9204008FA782 /* Main.storyboard in Resources */ = {isa = PBXBuildFile; fileRef = 607FACD91AFB9204008FA782 /* Main.storyboard */; };
		607FACDD1AFB9204008FA782 /* Images.xcassets in Resources */ = {isa = PBXBuildFile; fileRef = 607FACDC1AFB9204008FA782 /* Images.xcassets */; };
		607FACE01AFB9204008FA782 /* LaunchScreen.xib in Resources */ = {isa = PBXBuildFile; fileRef = 607FACDE1AFB9204008FA782 /* LaunchScreen.xib */; };
		D911DC4F211115730082B950 /* ConfigurationTests.swift in Sources */ = {isa = PBXBuildFile; fileRef = D9F418282110FD9F00E2158F /* ConfigurationTests.swift */; };
		D911DC5821115B410082B950 /* IdRegistrationTests.swift in Sources */ = {isa = PBXBuildFile; fileRef = D911DC56211159DE0082B950 /* IdRegistrationTests.swift */; };
		D920D8C92277B80F008FB38D /* SecondPageViewController.xib in Resources */ = {isa = PBXBuildFile; fileRef = D920D8C82277B80F008FB38D /* SecondPageViewController.xib */; };
		D920D8CB2277B965008FB38D /* SecondPageViewController.swift in Sources */ = {isa = PBXBuildFile; fileRef = D920D8CA2277B965008FB38D /* SecondPageViewController.swift */; };
		D924268722D91C15002F50D3 /* Localizable.strings in Resources */ = {isa = PBXBuildFile; fileRef = D924268522D91C15002F50D3 /* Localizable.strings */; };
		D92D1F2322249853008EA748 /* CampaignsValidatorTests.swift in Sources */ = {isa = PBXBuildFile; fileRef = D92D1F2122249833008EA748 /* CampaignsValidatorTests.swift */; };
		D92D1F262224A269008EA748 /* TestHelpers.swift in Sources */ = {isa = PBXBuildFile; fileRef = D92D1F242224A265008EA748 /* TestHelpers.swift */; };
/* End PBXBuildFile section */

/* Begin PBXContainerItemProxy section */
		607FACE61AFB9204008FA782 /* PBXContainerItemProxy */ = {
			isa = PBXContainerItemProxy;
			containerPortal = 607FACC81AFB9204008FA782 /* Project object */;
			proxyType = 1;
			remoteGlobalIDString = 607FACCF1AFB9204008FA782;
			remoteInfo = InAppMessaging;
		};
/* End PBXContainerItemProxy section */

/* Begin PBXFileReference section */
		4516601123CD411300310181 /* DependencyManagerTests.swift */ = {isa = PBXFileReference; lastKnownFileType = sourcecode.swift; path = DependencyManagerTests.swift; sourceTree = "<group>"; };
		4516601C23CD740300310181 /* MainContainerTests.swift */ = {isa = PBXFileReference; lastKnownFileType = sourcecode.swift; path = MainContainerTests.swift; sourceTree = "<group>"; };
		4534947123C6ABF700189A81 /* SerializationTests.swift */ = {isa = PBXFileReference; lastKnownFileType = sourcecode.swift; path = SerializationTests.swift; sourceTree = "<group>"; };
		45357AE42457EBBC007D8FDC /* config_success.json */ = {isa = PBXFileReference; lastKnownFileType = text.json; path = config_success.json; sourceTree = "<group>"; };
		45357AE62458361F007D8FDC /* config_success_optional.json */ = {isa = PBXFileReference; fileEncoding = 4; lastKnownFileType = text.json; path = config_success_optional.json; sourceTree = "<group>"; };
		45357AE8245A69FC007D8FDC /* config_fail_ping.json */ = {isa = PBXFileReference; fileEncoding = 4; lastKnownFileType = text.json; path = config_fail_ping.json; sourceTree = "<group>"; };
		45357AE9245A69FD007D8FDC /* config_fail_enabled.json */ = {isa = PBXFileReference; fileEncoding = 4; lastKnownFileType = text.json; path = config_fail_enabled.json; sourceTree = "<group>"; };
		45357AEC245A8C57007D8FDC /* ping_success.json */ = {isa = PBXFileReference; fileEncoding = 4; lastKnownFileType = text.json; path = ping_success.json; sourceTree = "<group>"; };
		45357AEE245A8CAA007D8FDC /* ping_success_empty.json */ = {isa = PBXFileReference; fileEncoding = 4; lastKnownFileType = text.json; path = ping_success_empty.json; sourceTree = "<group>"; };
		45357AEF245A8CAA007D8FDC /* ping_invalid.json */ = {isa = PBXFileReference; fileEncoding = 4; lastKnownFileType = text.json; path = ping_invalid.json; sourceTree = "<group>"; };
		45357AF2245AC836007D8FDC /* displayPermission_invalid.json */ = {isa = PBXFileReference; fileEncoding = 4; lastKnownFileType = text.json; path = displayPermission_invalid.json; sourceTree = "<group>"; };
		45357AF3245AC836007D8FDC /* displayPermission_success.json */ = {isa = PBXFileReference; fileEncoding = 4; lastKnownFileType = text.json; path = displayPermission_success.json; sourceTree = "<group>"; };
		45357AF6245AD49E007D8FDC /* HttpRequestableTests.swift */ = {isa = PBXFileReference; lastKnownFileType = sourcecode.swift; path = HttpRequestableTests.swift; sourceTree = "<group>"; };
		45563B02240614AE004EAFD3 /* ReadyCampaignDispatcherTests.swift */ = {isa = PBXFileReference; lastKnownFileType = sourcecode.swift; path = ReadyCampaignDispatcherTests.swift; sourceTree = "<group>"; };
		45563B0624064D78004EAFD3 /* CampaignRepositoryTests.swift */ = {isa = PBXFileReference; lastKnownFileType = sourcecode.swift; path = CampaignRepositoryTests.swift; sourceTree = "<group>"; };
		45563B0824064D98004EAFD3 /* LockableTests.swift */ = {isa = PBXFileReference; lastKnownFileType = sourcecode.swift; path = LockableTests.swift; sourceTree = "<group>"; };
		456FE1E62428513200304872 /* ErrorReportableTests.swift */ = {isa = PBXFileReference; lastKnownFileType = sourcecode.swift; path = ErrorReportableTests.swift; sourceTree = "<group>"; };
		456FE1E824288C6500304872 /* CampaignTriggerAgentTests.swift */ = {isa = PBXFileReference; lastKnownFileType = sourcecode.swift; path = CampaignTriggerAgentTests.swift; sourceTree = "<group>"; };
		456FE1EA2428C51E00304872 /* CommonUtilityTests.swift */ = {isa = PBXFileReference; lastKnownFileType = sourcecode.swift; path = CommonUtilityTests.swift; sourceTree = "<group>"; };
		456FE1EC2429C4D200304872 /* ViewTests.swift */ = {isa = PBXFileReference; lastKnownFileType = sourcecode.swift; path = ViewTests.swift; sourceTree = "<group>"; };
		459B227B245289F300D218CE /* ConfigurationServiceTests.swift */ = {isa = PBXFileReference; lastKnownFileType = sourcecode.swift; path = ConfigurationServiceTests.swift; sourceTree = "<group>"; };
		459B227D24528A5000D218CE /* MessageMixerServiceTests.swift */ = {isa = PBXFileReference; fileEncoding = 4; lastKnownFileType = sourcecode.swift; path = MessageMixerServiceTests.swift; sourceTree = "<group>"; };
		459B227F24528A6900D218CE /* ImpressionServiceTests.swift */ = {isa = PBXFileReference; fileEncoding = 4; lastKnownFileType = sourcecode.swift; path = ImpressionServiceTests.swift; sourceTree = "<group>"; };
		459B228124528A7D00D218CE /* DisplayPermissionServiceTests.swift */ = {isa = PBXFileReference; fileEncoding = 4; lastKnownFileType = sourcecode.swift; path = DisplayPermissionServiceTests.swift; sourceTree = "<group>"; };
		459DE86924074F720002F451 /* EventMatcherTests.swift */ = {isa = PBXFileReference; lastKnownFileType = sourcecode.swift; path = EventMatcherTests.swift; sourceTree = "<group>"; };
		459DE86B2407B5750002F451 /* CustomEventTests.swift */ = {isa = PBXFileReference; lastKnownFileType = sourcecode.swift; path = CustomEventTests.swift; sourceTree = "<group>"; };
		45ADA53D247CFE9E00A9E2A3 /* ConfigurationRepositoryTests.swift */ = {isa = PBXFileReference; lastKnownFileType = sourcecode.swift; path = ConfigurationRepositoryTests.swift; sourceTree = "<group>"; };
		45ADA53F247D076E00A9E2A3 /* InAppMessagingModuleTests.swift */ = {isa = PBXFileReference; lastKnownFileType = sourcecode.swift; path = InAppMessagingModuleTests.swift; sourceTree = "<group>"; };
		45ADA541247D206B00A9E2A3 /* RouterTests.swift */ = {isa = PBXFileReference; lastKnownFileType = sourcecode.swift; path = RouterTests.swift; sourceTree = "<group>"; };
		45ADA543247DF5BB00A9E2A3 /* ReachabilityTests.swift */ = {isa = PBXFileReference; lastKnownFileType = sourcecode.swift; path = ReachabilityTests.swift; sourceTree = "<group>"; };
		45AFB2F5245C18660080D21B /* MatchingUtilityTests.swift */ = {isa = PBXFileReference; lastKnownFileType = sourcecode.swift; path = MatchingUtilityTests.swift; sourceTree = "<group>"; };
		45AFB307246CFB640080D21B /* LocaleTests.swift */ = {isa = PBXFileReference; lastKnownFileType = sourcecode.swift; path = LocaleTests.swift; sourceTree = "<group>"; };
		45BDFD022421D311004DEA0C /* CampaignsListManagerTests.swift */ = {isa = PBXFileReference; lastKnownFileType = sourcecode.swift; path = CampaignsListManagerTests.swift; sourceTree = "<group>"; };
		45BDFD042421EE7B004DEA0C /* SharedMocks.swift */ = {isa = PBXFileReference; lastKnownFileType = sourcecode.swift; path = SharedMocks.swift; sourceTree = "<group>"; };
		45BDFD0624232714004DEA0C /* PublicAPITests.swift */ = {isa = PBXFileReference; lastKnownFileType = sourcecode.swift; path = PublicAPITests.swift; sourceTree = "<group>"; };
		45BDFD08242362C3004DEA0C /* UIColorExtensionsTests.swift */ = {isa = PBXFileReference; lastKnownFileType = sourcecode.swift; path = UIColorExtensionsTests.swift; sourceTree = "<group>"; };
		45D4DA4E240F5597009B9B37 /* ViewPresenterTests.swift */ = {isa = PBXFileReference; fileEncoding = 4; lastKnownFileType = sourcecode.swift; path = ViewPresenterTests.swift; sourceTree = "<group>"; };
		45DA01AC23D5831900A27CC6 /* ConfigurationManagerTests.swift */ = {isa = PBXFileReference; lastKnownFileType = sourcecode.swift; path = ConfigurationManagerTests.swift; sourceTree = "<group>"; };
		607FACD01AFB9204008FA782 /* RInAppMessaging_Example.app */ = {isa = PBXFileReference; explicitFileType = wrapper.application; includeInIndex = 0; path = RInAppMessaging_Example.app; sourceTree = BUILT_PRODUCTS_DIR; };
		607FACD41AFB9204008FA782 /* Info.plist */ = {isa = PBXFileReference; lastKnownFileType = text.plist.xml; path = Info.plist; sourceTree = "<group>"; };
		607FACD51AFB9204008FA782 /* AppDelegate.swift */ = {isa = PBXFileReference; lastKnownFileType = sourcecode.swift; path = AppDelegate.swift; sourceTree = "<group>"; };
		607FACD71AFB9204008FA782 /* ViewController.swift */ = {isa = PBXFileReference; lastKnownFileType = sourcecode.swift; path = ViewController.swift; sourceTree = "<group>"; };
		607FACDA1AFB9204008FA782 /* Base */ = {isa = PBXFileReference; lastKnownFileType = file.storyboard; name = Base; path = Base.lproj/Main.storyboard; sourceTree = "<group>"; };
		607FACDC1AFB9204008FA782 /* Images.xcassets */ = {isa = PBXFileReference; lastKnownFileType = folder.assetcatalog; path = Images.xcassets; sourceTree = "<group>"; };
		607FACDF1AFB9204008FA782 /* Base */ = {isa = PBXFileReference; lastKnownFileType = file.xib; name = Base; path = Base.lproj/LaunchScreen.xib; sourceTree = "<group>"; };
		607FACE51AFB9204008FA782 /* Tests.xctest */ = {isa = PBXFileReference; explicitFileType = wrapper.cfbundle; includeInIndex = 0; path = Tests.xctest; sourceTree = BUILT_PRODUCTS_DIR; };
		607FACEA1AFB9204008FA782 /* Info.plist */ = {isa = PBXFileReference; lastKnownFileType = text.plist.xml; path = Info.plist; sourceTree = "<group>"; };
		D911DC56211159DE0082B950 /* IdRegistrationTests.swift */ = {isa = PBXFileReference; lastKnownFileType = sourcecode.swift; path = IdRegistrationTests.swift; sourceTree = "<group>"; };
		D920D8C82277B80F008FB38D /* SecondPageViewController.xib */ = {isa = PBXFileReference; lastKnownFileType = file.xib; path = SecondPageViewController.xib; sourceTree = "<group>"; };
		D920D8CA2277B965008FB38D /* SecondPageViewController.swift */ = {isa = PBXFileReference; lastKnownFileType = sourcecode.swift; path = SecondPageViewController.swift; sourceTree = "<group>"; };
		D924268022D91046002F50D3 /* ja */ = {isa = PBXFileReference; lastKnownFileType = text.plist.strings; name = ja; path = ja.lproj/Main.strings; sourceTree = "<group>"; };
		D924268122D91046002F50D3 /* ja */ = {isa = PBXFileReference; lastKnownFileType = text.plist.strings; name = ja; path = ja.lproj/LaunchScreen.strings; sourceTree = "<group>"; };
		D924268622D91C15002F50D3 /* Base */ = {isa = PBXFileReference; lastKnownFileType = text.plist.strings; name = Base; path = Base.lproj/Localizable.strings; sourceTree = "<group>"; };
		D924268822D91C19002F50D3 /* ja */ = {isa = PBXFileReference; lastKnownFileType = text.plist.strings; name = ja; path = ja.lproj/Localizable.strings; sourceTree = "<group>"; };
		D92D1F2122249833008EA748 /* CampaignsValidatorTests.swift */ = {isa = PBXFileReference; fileEncoding = 4; lastKnownFileType = sourcecode.swift; path = CampaignsValidatorTests.swift; sourceTree = "<group>"; };
		D92D1F242224A265008EA748 /* TestHelpers.swift */ = {isa = PBXFileReference; lastKnownFileType = sourcecode.swift; path = TestHelpers.swift; sourceTree = "<group>"; };
		D9F418282110FD9F00E2158F /* ConfigurationTests.swift */ = {isa = PBXFileReference; lastKnownFileType = sourcecode.swift; path = ConfigurationTests.swift; sourceTree = "<group>"; };
/* End PBXFileReference section */

/* Begin PBXFrameworksBuildPhase section */
		607FACCD1AFB9204008FA782 /* Frameworks */ = {
			isa = PBXFrameworksBuildPhase;
			buildActionMask = 2147483647;
			files = (
			);
			runOnlyForDeploymentPostprocessing = 0;
		};
		607FACE21AFB9204008FA782 /* Frameworks */ = {
			isa = PBXFrameworksBuildPhase;
			buildActionMask = 2147483647;
			files = (
			);
			runOnlyForDeploymentPostprocessing = 0;
		};
/* End PBXFrameworksBuildPhase section */

/* Begin PBXGroup section */
		45357AE32457EB49007D8FDC /* Payloads */ = {
			isa = PBXGroup;
			children = (
				45357AE42457EBBC007D8FDC /* config_success.json */,
				45357AE62458361F007D8FDC /* config_success_optional.json */,
				45357AE9245A69FD007D8FDC /* config_fail_enabled.json */,
				45357AE8245A69FC007D8FDC /* config_fail_ping.json */,
				45357AEC245A8C57007D8FDC /* ping_success.json */,
				45357AEE245A8CAA007D8FDC /* ping_success_empty.json */,
				45357AEF245A8CAA007D8FDC /* ping_invalid.json */,
				45357AF2245AC836007D8FDC /* displayPermission_invalid.json */,
				45357AF3245AC836007D8FDC /* displayPermission_success.json */,
			);
			path = Payloads;
			sourceTree = "<group>";
		};
		607FACC71AFB9204008FA782 = {
			isa = PBXGroup;
			children = (
				607FACD21AFB9204008FA782 /* Sample */,
				607FACE81AFB9204008FA782 /* Tests */,
				607FACD11AFB9204008FA782 /* Products */,
				B04D923357C1CC9CB229B066 /* Pods */,
			);
			sourceTree = "<group>";
		};
		607FACD11AFB9204008FA782 /* Products */ = {
			isa = PBXGroup;
			children = (
				607FACD01AFB9204008FA782 /* RInAppMessaging_Example.app */,
				607FACE51AFB9204008FA782 /* Tests.xctest */,
			);
			name = Products;
			sourceTree = "<group>";
		};
		607FACD21AFB9204008FA782 /* Sample */ = {
			isa = PBXGroup;
			children = (
				607FACD51AFB9204008FA782 /* AppDelegate.swift */,
				607FACD71AFB9204008FA782 /* ViewController.swift */,
				607FACD91AFB9204008FA782 /* Main.storyboard */,
				D920D8CA2277B965008FB38D /* SecondPageViewController.swift */,
				D920D8C82277B80F008FB38D /* SecondPageViewController.xib */,
				607FACDC1AFB9204008FA782 /* Images.xcassets */,
				607FACDE1AFB9204008FA782 /* LaunchScreen.xib */,
				607FACD31AFB9204008FA782 /* Supporting Files */,
				D924268522D91C15002F50D3 /* Localizable.strings */,
			);
			path = Sample;
			sourceTree = "<group>";
		};
		607FACD31AFB9204008FA782 /* Supporting Files */ = {
			isa = PBXGroup;
			children = (
				607FACD41AFB9204008FA782 /* Info.plist */,
			);
			name = "Supporting Files";
			sourceTree = "<group>";
		};
		607FACE81AFB9204008FA782 /* Tests */ = {
			isa = PBXGroup;
			children = (
				45357AE32457EB49007D8FDC /* Payloads */,
				45563B0624064D78004EAFD3 /* CampaignRepositoryTests.swift */,
				45BDFD022421D311004DEA0C /* CampaignsListManagerTests.swift */,
				D92D1F2122249833008EA748 /* CampaignsValidatorTests.swift */,
				456FE1E824288C6500304872 /* CampaignTriggerAgentTests.swift */,
				456FE1EA2428C51E00304872 /* CommonUtilityTests.swift */,
				45DA01AC23D5831900A27CC6 /* ConfigurationManagerTests.swift */,
				45ADA53D247CFE9E00A9E2A3 /* ConfigurationRepositoryTests.swift */,
				459B227B245289F300D218CE /* ConfigurationServiceTests.swift */,
				D9F418282110FD9F00E2158F /* ConfigurationTests.swift */,
				459DE86B2407B5750002F451 /* CustomEventTests.swift */,
				4516601123CD411300310181 /* DependencyManagerTests.swift */,
				459B228124528A7D00D218CE /* DisplayPermissionServiceTests.swift */,
				456FE1E62428513200304872 /* ErrorReportableTests.swift */,
				459DE86924074F720002F451 /* EventMatcherTests.swift */,
				45357AF6245AD49E007D8FDC /* HttpRequestableTests.swift */,
				D911DC56211159DE0082B950 /* IdRegistrationTests.swift */,
				459B227F24528A6900D218CE /* ImpressionServiceTests.swift */,
				45ADA53F247D076E00A9E2A3 /* InAppMessagingModuleTests.swift */,
				45AFB307246CFB640080D21B /* LocaleTests.swift */,
				45563B0824064D98004EAFD3 /* LockableTests.swift */,
				4516601C23CD740300310181 /* MainContainerTests.swift */,
				45AFB2F5245C18660080D21B /* MatchingUtilityTests.swift */,
				459B227D24528A5000D218CE /* MessageMixerServiceTests.swift */,
				45BDFD0624232714004DEA0C /* PublicAPITests.swift */,
				45ADA543247DF5BB00A9E2A3 /* ReachabilityTests.swift */,
				45563B02240614AE004EAFD3 /* ReadyCampaignDispatcherTests.swift */,
				45ADA541247D206B00A9E2A3 /* RouterTests.swift */,
				4534947123C6ABF700189A81 /* SerializationTests.swift */,
				45BDFD042421EE7B004DEA0C /* SharedMocks.swift */,
				D92D1F242224A265008EA748 /* TestHelpers.swift */,
				45BDFD08242362C3004DEA0C /* UIColorExtensionsTests.swift */,
				45D4DA4E240F5597009B9B37 /* ViewPresenterTests.swift */,
				456FE1EC2429C4D200304872 /* ViewTests.swift */,
				607FACE91AFB9204008FA782 /* Supporting Files */,
			);
			path = Tests;
			sourceTree = "<group>";
		};
		607FACE91AFB9204008FA782 /* Supporting Files */ = {
			isa = PBXGroup;
			children = (
				607FACEA1AFB9204008FA782 /* Info.plist */,
			);
			name = "Supporting Files";
			sourceTree = "<group>";
		};
		B04D923357C1CC9CB229B066 /* Pods */ = {
			isa = PBXGroup;
			children = (
			);
			path = Pods;
			sourceTree = "<group>";
		};
/* End PBXGroup section */

/* Begin PBXNativeTarget section */
		607FACCF1AFB9204008FA782 /* RInAppMessaging_Example */ = {
			isa = PBXNativeTarget;
			buildConfigurationList = 607FACEF1AFB9204008FA782 /* Build configuration list for PBXNativeTarget "RInAppMessaging_Example" */;
			buildPhases = (
				607FACCC1AFB9204008FA782 /* Sources */,
				607FACCD1AFB9204008FA782 /* Frameworks */,
				607FACCE1AFB9204008FA782 /* Resources */,
				450857B623B5FD9300FBCFBF /* SwiftLint */,
			);
			buildRules = (
			);
			dependencies = (
			);
			name = RInAppMessaging_Example;
			productName = InAppMessaging;
			productReference = 607FACD01AFB9204008FA782 /* RInAppMessaging_Example.app */;
			productType = "com.apple.product-type.application";
		};
		607FACE41AFB9204008FA782 /* Tests */ = {
			isa = PBXNativeTarget;
			buildConfigurationList = 607FACF21AFB9204008FA782 /* Build configuration list for PBXNativeTarget "Tests" */;
			buildPhases = (
				607FACE11AFB9204008FA782 /* Sources */,
				607FACE21AFB9204008FA782 /* Frameworks */,
				607FACE31AFB9204008FA782 /* Resources */,
			);
			buildRules = (
			);
			dependencies = (
				607FACE71AFB9204008FA782 /* PBXTargetDependency */,
			);
			name = Tests;
			productName = Tests;
			productReference = 607FACE51AFB9204008FA782 /* Tests.xctest */;
			productType = "com.apple.product-type.bundle.unit-test";
		};
/* End PBXNativeTarget section */

/* Begin PBXProject section */
		607FACC81AFB9204008FA782 /* Project object */ = {
			isa = PBXProject;
			attributes = {
				LastSwiftUpdateCheck = 0830;
				LastUpgradeCheck = 0940;
				ORGANIZATIONNAME = CocoaPods;
				TargetAttributes = {
					607FACCF1AFB9204008FA782 = {
						CreatedOnToolsVersion = 6.3.1;
						DevelopmentTeam = 575EYS6ZJA;
						LastSwiftMigration = 1130;
						ProvisioningStyle = Automatic;
					};
					607FACE41AFB9204008FA782 = {
						CreatedOnToolsVersion = 6.3.1;
						DevelopmentTeam = 87CT3T3CK2;
						LastSwiftMigration = 1130;
						TestTargetID = 607FACCF1AFB9204008FA782;
					};
				};
			};
			buildConfigurationList = 607FACCB1AFB9204008FA782 /* Build configuration list for PBXProject "RInAppMessaging" */;
			compatibilityVersion = "Xcode 3.2";
			developmentRegion = en;
			hasScannedForEncodings = 0;
			knownRegions = (
				Base,
				ja,
				en,
			);
			mainGroup = 607FACC71AFB9204008FA782;
			productRefGroup = 607FACD11AFB9204008FA782 /* Products */;
			projectDirPath = "";
			projectRoot = "";
			targets = (
				607FACCF1AFB9204008FA782 /* RInAppMessaging_Example */,
				607FACE41AFB9204008FA782 /* Tests */,
			);
		};
/* End PBXProject section */

/* Begin PBXResourcesBuildPhase section */
		607FACCE1AFB9204008FA782 /* Resources */ = {
			isa = PBXResourcesBuildPhase;
			buildActionMask = 2147483647;
			files = (
				D924268722D91C15002F50D3 /* Localizable.strings in Resources */,
				D920D8C92277B80F008FB38D /* SecondPageViewController.xib in Resources */,
				607FACDB1AFB9204008FA782 /* Main.storyboard in Resources */,
				607FACE01AFB9204008FA782 /* LaunchScreen.xib in Resources */,
				607FACDD1AFB9204008FA782 /* Images.xcassets in Resources */,
			);
			runOnlyForDeploymentPostprocessing = 0;
		};
		607FACE31AFB9204008FA782 /* Resources */ = {
			isa = PBXResourcesBuildPhase;
			buildActionMask = 2147483647;
			files = (
				45357AE52457EBBC007D8FDC /* config_success.json in Resources */,
				45357AF1245A8CAA007D8FDC /* ping_invalid.json in Resources */,
				45357AF0245A8CAA007D8FDC /* ping_success_empty.json in Resources */,
				45357AF4245AC836007D8FDC /* displayPermission_invalid.json in Resources */,
				45357AEA245A69FD007D8FDC /* config_fail_ping.json in Resources */,
				45357AE72458361F007D8FDC /* config_success_optional.json in Resources */,
				45357AED245A8C57007D8FDC /* ping_success.json in Resources */,
				45357AEB245A69FD007D8FDC /* config_fail_enabled.json in Resources */,
				45357AF5245AC836007D8FDC /* displayPermission_success.json in Resources */,
			);
			runOnlyForDeploymentPostprocessing = 0;
		};
/* End PBXResourcesBuildPhase section */

/* Begin PBXShellScriptBuildPhase section */
		450857B623B5FD9300FBCFBF /* SwiftLint */ = {
			isa = PBXShellScriptBuildPhase;
			buildActionMask = 2147483647;
			files = (
			);
			inputFileListPaths = (
			);
			inputPaths = (
			);
			name = SwiftLint;
			outputFileListPaths = (
			);
			outputPaths = (
			);
			runOnlyForDeploymentPostprocessing = 0;
			shellPath = /bin/sh;
			shellScript = "\"${PODS_ROOT}/SwiftLint/swiftlint\"\n";
		};
/* End PBXShellScriptBuildPhase section */

/* Begin PBXSourcesBuildPhase section */
		607FACCC1AFB9204008FA782 /* Sources */ = {
			isa = PBXSourcesBuildPhase;
			buildActionMask = 2147483647;
			files = (
				D920D8CB2277B965008FB38D /* SecondPageViewController.swift in Sources */,
				607FACD81AFB9204008FA782 /* ViewController.swift in Sources */,
				607FACD61AFB9204008FA782 /* AppDelegate.swift in Sources */,
			);
			runOnlyForDeploymentPostprocessing = 0;
		};
		607FACE11AFB9204008FA782 /* Sources */ = {
			isa = PBXSourcesBuildPhase;
			buildActionMask = 2147483647;
			files = (
				45ADA542247D206B00A9E2A3 /* RouterTests.swift in Sources */,
				456FE1E72428513200304872 /* ErrorReportableTests.swift in Sources */,
				45BDFD052421EE7B004DEA0C /* SharedMocks.swift in Sources */,
				459B228024528A6900D218CE /* ImpressionServiceTests.swift in Sources */,
				D911DC4F211115730082B950 /* ConfigurationTests.swift in Sources */,
				45563B03240614AE004EAFD3 /* ReadyCampaignDispatcherTests.swift in Sources */,
				456FE1E924288C6500304872 /* CampaignTriggerAgentTests.swift in Sources */,
				45D4DA4F240F5597009B9B37 /* ViewPresenterTests.swift in Sources */,
				45AFB2F6245C18660080D21B /* MatchingUtilityTests.swift in Sources */,
				45ADA540247D076E00A9E2A3 /* InAppMessagingModuleTests.swift in Sources */,
				D92D1F262224A269008EA748 /* TestHelpers.swift in Sources */,
				45BDFD09242362C3004DEA0C /* UIColorExtensionsTests.swift in Sources */,
				D92D1F2322249853008EA748 /* CampaignsValidatorTests.swift in Sources */,
				45BDFD032421D311004DEA0C /* CampaignsListManagerTests.swift in Sources */,
				459DE86A24074F720002F451 /* EventMatcherTests.swift in Sources */,
				45563B0924064D98004EAFD3 /* LockableTests.swift in Sources */,
				45357AF7245AD49E007D8FDC /* HttpRequestableTests.swift in Sources */,
				459B227C245289F300D218CE /* ConfigurationServiceTests.swift in Sources */,
				45DA01AD23D5831900A27CC6 /* ConfigurationManagerTests.swift in Sources */,
				456FE1ED2429C4D200304872 /* ViewTests.swift in Sources */,
				4534947223C6ABF700189A81 /* SerializationTests.swift in Sources */,
				D911DC5821115B410082B950 /* IdRegistrationTests.swift in Sources */,
				45AFB308246CFB640080D21B /* LocaleTests.swift in Sources */,
				4516601D23CD740300310181 /* MainContainerTests.swift in Sources */,
				459B228224528A7D00D218CE /* DisplayPermissionServiceTests.swift in Sources */,
				45ADA544247DF5BB00A9E2A3 /* ReachabilityTests.swift in Sources */,
				45BDFD0724232714004DEA0C /* PublicAPITests.swift in Sources */,
				459DE86C2407B5750002F451 /* CustomEventTests.swift in Sources */,
				4516601223CD411300310181 /* DependencyManagerTests.swift in Sources */,
				45563B0724064D78004EAFD3 /* CampaignRepositoryTests.swift in Sources */,
				456FE1EB2428C51E00304872 /* CommonUtilityTests.swift in Sources */,
				45ADA53E247CFE9E00A9E2A3 /* ConfigurationRepositoryTests.swift in Sources */,
				459B227E24528A5100D218CE /* MessageMixerServiceTests.swift in Sources */,
			);
			runOnlyForDeploymentPostprocessing = 0;
		};
/* End PBXSourcesBuildPhase section */

/* Begin PBXTargetDependency section */
		607FACE71AFB9204008FA782 /* PBXTargetDependency */ = {
			isa = PBXTargetDependency;
			target = 607FACCF1AFB9204008FA782 /* RInAppMessaging_Example */;
			targetProxy = 607FACE61AFB9204008FA782 /* PBXContainerItemProxy */;
		};
/* End PBXTargetDependency section */

/* Begin PBXVariantGroup section */
		607FACD91AFB9204008FA782 /* Main.storyboard */ = {
			isa = PBXVariantGroup;
			children = (
				607FACDA1AFB9204008FA782 /* Base */,
				D924268022D91046002F50D3 /* ja */,
			);
			name = Main.storyboard;
			sourceTree = "<group>";
		};
		607FACDE1AFB9204008FA782 /* LaunchScreen.xib */ = {
			isa = PBXVariantGroup;
			children = (
				607FACDF1AFB9204008FA782 /* Base */,
				D924268122D91046002F50D3 /* ja */,
			);
			name = LaunchScreen.xib;
			sourceTree = "<group>";
		};
		D924268522D91C15002F50D3 /* Localizable.strings */ = {
			isa = PBXVariantGroup;
			children = (
				D924268622D91C15002F50D3 /* Base */,
				D924268822D91C19002F50D3 /* ja */,
			);
			name = Localizable.strings;
			sourceTree = "<group>";
		};
/* End PBXVariantGroup section */

/* Begin XCBuildConfiguration section */
		607FACED1AFB9204008FA782 /* Debug */ = {
			isa = XCBuildConfiguration;
			buildSettings = {
				CLANG_ANALYZER_LOCALIZABILITY_NONLOCALIZED = YES;
				CLANG_CXX_LANGUAGE_STANDARD = "gnu++0x";
				CLANG_CXX_LIBRARY = "libc++";
				CLANG_ENABLE_MODULES = YES;
				CLANG_ENABLE_OBJC_ARC = YES;
				CLANG_WARN_BLOCK_CAPTURE_AUTORELEASING = YES;
				CLANG_WARN_BOOL_CONVERSION = YES;
				CLANG_WARN_COMMA = YES;
				CLANG_WARN_CONSTANT_CONVERSION = YES;
				CLANG_WARN_DEPRECATED_OBJC_IMPLEMENTATIONS = YES;
				CLANG_WARN_DIRECT_OBJC_ISA_USAGE = YES_ERROR;
				CLANG_WARN_EMPTY_BODY = YES;
				CLANG_WARN_ENUM_CONVERSION = YES;
				CLANG_WARN_INFINITE_RECURSION = YES;
				CLANG_WARN_INT_CONVERSION = YES;
				CLANG_WARN_NON_LITERAL_NULL_CONVERSION = YES;
				CLANG_WARN_OBJC_IMPLICIT_RETAIN_SELF = YES;
				CLANG_WARN_OBJC_LITERAL_CONVERSION = YES;
				CLANG_WARN_OBJC_ROOT_CLASS = YES_ERROR;
				CLANG_WARN_RANGE_LOOP_ANALYSIS = YES;
				CLANG_WARN_STRICT_PROTOTYPES = YES;
				CLANG_WARN_SUSPICIOUS_MOVE = YES;
				CLANG_WARN_UNREACHABLE_CODE = YES;
				CLANG_WARN__DUPLICATE_METHOD_MATCH = YES;
				"CODE_SIGN_IDENTITY[sdk=iphoneos*]" = "iPhone Developer";
				COPY_PHASE_STRIP = NO;
				DEBUG_INFORMATION_FORMAT = "dwarf-with-dsym";
				ENABLE_STRICT_OBJC_MSGSEND = YES;
				ENABLE_TESTABILITY = YES;
				GCC_C_LANGUAGE_STANDARD = gnu99;
				GCC_DYNAMIC_NO_PIC = NO;
				GCC_NO_COMMON_BLOCKS = YES;
				GCC_OPTIMIZATION_LEVEL = 0;
				GCC_PREPROCESSOR_DEFINITIONS = (
					"DEBUG=1",
					"$(inherited)",
				);
				GCC_SYMBOLS_PRIVATE_EXTERN = NO;
				GCC_WARN_64_TO_32_BIT_CONVERSION = YES;
				GCC_WARN_ABOUT_RETURN_TYPE = YES_ERROR;
				GCC_WARN_UNDECLARED_SELECTOR = YES;
				GCC_WARN_UNINITIALIZED_AUTOS = YES_AGGRESSIVE;
				GCC_WARN_UNUSED_FUNCTION = YES;
				GCC_WARN_UNUSED_VARIABLE = YES;
				IPHONEOS_DEPLOYMENT_TARGET = 10.0;
				MTL_ENABLE_DEBUG_INFO = YES;
				ONLY_ACTIVE_ARCH = YES;
				SDKROOT = iphoneos;
				SWIFT_OPTIMIZATION_LEVEL = "-Onone";
				TARGETED_DEVICE_FAMILY = "1,2";
			};
			name = Debug;
		};
		607FACEE1AFB9204008FA782 /* Release */ = {
			isa = XCBuildConfiguration;
			buildSettings = {
				CLANG_ANALYZER_LOCALIZABILITY_NONLOCALIZED = YES;
				CLANG_CXX_LANGUAGE_STANDARD = "gnu++0x";
				CLANG_CXX_LIBRARY = "libc++";
				CLANG_ENABLE_MODULES = YES;
				CLANG_ENABLE_OBJC_ARC = YES;
				CLANG_WARN_BLOCK_CAPTURE_AUTORELEASING = YES;
				CLANG_WARN_BOOL_CONVERSION = YES;
				CLANG_WARN_COMMA = YES;
				CLANG_WARN_CONSTANT_CONVERSION = YES;
				CLANG_WARN_DEPRECATED_OBJC_IMPLEMENTATIONS = YES;
				CLANG_WARN_DIRECT_OBJC_ISA_USAGE = YES_ERROR;
				CLANG_WARN_EMPTY_BODY = YES;
				CLANG_WARN_ENUM_CONVERSION = YES;
				CLANG_WARN_INFINITE_RECURSION = YES;
				CLANG_WARN_INT_CONVERSION = YES;
				CLANG_WARN_NON_LITERAL_NULL_CONVERSION = YES;
				CLANG_WARN_OBJC_IMPLICIT_RETAIN_SELF = YES;
				CLANG_WARN_OBJC_LITERAL_CONVERSION = YES;
				CLANG_WARN_OBJC_ROOT_CLASS = YES_ERROR;
				CLANG_WARN_RANGE_LOOP_ANALYSIS = YES;
				CLANG_WARN_STRICT_PROTOTYPES = YES;
				CLANG_WARN_SUSPICIOUS_MOVE = YES;
				CLANG_WARN_UNREACHABLE_CODE = YES;
				CLANG_WARN__DUPLICATE_METHOD_MATCH = YES;
				"CODE_SIGN_IDENTITY[sdk=iphoneos*]" = "iPhone Developer";
				COPY_PHASE_STRIP = NO;
				DEBUG_INFORMATION_FORMAT = "dwarf-with-dsym";
				ENABLE_NS_ASSERTIONS = NO;
				ENABLE_STRICT_OBJC_MSGSEND = YES;
				GCC_C_LANGUAGE_STANDARD = gnu99;
				GCC_NO_COMMON_BLOCKS = YES;
				GCC_WARN_64_TO_32_BIT_CONVERSION = YES;
				GCC_WARN_ABOUT_RETURN_TYPE = YES_ERROR;
				GCC_WARN_UNDECLARED_SELECTOR = YES;
				GCC_WARN_UNINITIALIZED_AUTOS = YES_AGGRESSIVE;
				GCC_WARN_UNUSED_FUNCTION = YES;
				GCC_WARN_UNUSED_VARIABLE = YES;
				IPHONEOS_DEPLOYMENT_TARGET = 10.0;
				MTL_ENABLE_DEBUG_INFO = NO;
				SDKROOT = iphoneos;
				SWIFT_OPTIMIZATION_LEVEL = "-Owholemodule";
				TARGETED_DEVICE_FAMILY = "1,2";
				VALIDATE_PRODUCT = YES;
			};
			name = Release;
		};
		607FACF01AFB9204008FA782 /* Debug */ = {
			isa = XCBuildConfiguration;
			buildSettings = {
				ASSETCATALOG_COMPILER_APPICON_NAME = AppIcon;
				CODE_SIGN_IDENTITY = "iPhone Developer";
				CODE_SIGN_STYLE = Automatic;
				DEVELOPMENT_TEAM = 575EYS6ZJA;
				INFOPLIST_FILE = "$(SRCROOT)/Sample/Info.plist";
				LD_RUNPATH_SEARCH_PATHS = "$(inherited) @executable_path/Frameworks";
				MODULE_NAME = ExampleApp;
				PRODUCT_BUNDLE_IDENTIFIER = jp.co.rakuten.inappmessaging.demo;
				PRODUCT_NAME = "$(TARGET_NAME)";
				PROVISIONING_PROFILE_SPECIFIER = "";
				SWIFT_COMPILATION_MODE = wholemodule;
				SWIFT_SWIFT3_OBJC_INFERENCE = Default;
				SWIFT_VERSION = 5.0;
			};
			name = Debug;
		};
		607FACF11AFB9204008FA782 /* Release */ = {
			isa = XCBuildConfiguration;
			buildSettings = {
				ASSETCATALOG_COMPILER_APPICON_NAME = AppIcon;
				CODE_SIGN_IDENTITY = "iPhone Developer";
				CODE_SIGN_STYLE = Automatic;
				DEVELOPMENT_TEAM = 575EYS6ZJA;
				INFOPLIST_FILE = "$(SRCROOT)/Sample/Info.plist";
				LD_RUNPATH_SEARCH_PATHS = "$(inherited) @executable_path/Frameworks";
				MODULE_NAME = ExampleApp;
				PRODUCT_BUNDLE_IDENTIFIER = jp.co.rakuten.inappmessaging.demo;
				PRODUCT_NAME = "$(TARGET_NAME)";
				PROVISIONING_PROFILE_SPECIFIER = "";
				SWIFT_COMPILATION_MODE = wholemodule;
				SWIFT_SWIFT3_OBJC_INFERENCE = Default;
				SWIFT_VERSION = 5.0;
			};
			name = Release;
		};
		607FACF31AFB9204008FA782 /* Debug */ = {
			isa = XCBuildConfiguration;
			buildSettings = {
				DEVELOPMENT_TEAM = 87CT3T3CK2;
				GCC_PREPROCESSOR_DEFINITIONS = (
					"DEBUG=1",
					"$(inherited)",
				);
				INFOPLIST_FILE = Tests/Info.plist;
				PRODUCT_BUNDLE_IDENTIFIER = "org.cocoapods.$(PRODUCT_NAME:rfc1034identifier)";
				PRODUCT_NAME = "$(TARGET_NAME)";
				SWIFT_SWIFT3_OBJC_INFERENCE = Default;
				SWIFT_VERSION = 5.0;
				TEST_HOST = "$(BUILT_PRODUCTS_DIR)/RInAppMessaging_Example.app/RInAppMessaging_Example";
			};
			name = Debug;
		};
		607FACF41AFB9204008FA782 /* Release */ = {
			isa = XCBuildConfiguration;
			buildSettings = {
				DEVELOPMENT_TEAM = 87CT3T3CK2;
				INFOPLIST_FILE = Tests/Info.plist;
				PRODUCT_BUNDLE_IDENTIFIER = "org.cocoapods.$(PRODUCT_NAME:rfc1034identifier)";
				PRODUCT_NAME = "$(TARGET_NAME)";
				SWIFT_SWIFT3_OBJC_INFERENCE = Default;
				SWIFT_VERSION = 5.0;
				TEST_HOST = "$(BUILT_PRODUCTS_DIR)/RInAppMessaging_Example.app/RInAppMessaging_Example";
			};
			name = Release;
		};
/* End XCBuildConfiguration section */

/* Begin XCConfigurationList section */
		607FACCB1AFB9204008FA782 /* Build configuration list for PBXProject "RInAppMessaging" */ = {
			isa = XCConfigurationList;
			buildConfigurations = (
				607FACED1AFB9204008FA782 /* Debug */,
				607FACEE1AFB9204008FA782 /* Release */,
			);
			defaultConfigurationIsVisible = 0;
			defaultConfigurationName = Release;
		};
		607FACEF1AFB9204008FA782 /* Build configuration list for PBXNativeTarget "RInAppMessaging_Example" */ = {
			isa = XCConfigurationList;
			buildConfigurations = (
				607FACF01AFB9204008FA782 /* Debug */,
				607FACF11AFB9204008FA782 /* Release */,
			);
			defaultConfigurationIsVisible = 0;
			defaultConfigurationName = Release;
		};
		607FACF21AFB9204008FA782 /* Build configuration list for PBXNativeTarget "Tests" */ = {
			isa = XCConfigurationList;
			buildConfigurations = (
				607FACF31AFB9204008FA782 /* Debug */,
				607FACF41AFB9204008FA782 /* Release */,
			);
			defaultConfigurationIsVisible = 0;
			defaultConfigurationName = Release;
		};
/* End XCConfigurationList section */
	};
	rootObject = 607FACC81AFB9204008FA782 /* Project object */;
}
